%{
  "accessible": {:hex, :accessible, "0.3.0", "932f6ade6ea839212fea1735ab4ffdc39a3843a622f2ea5d28f0ab41c14b4435", [:mix], [], "hexpm", "13a11b0611ab82f7b9098a88465b5674f729c02bd613216243c123c65f90f296"},
  "arrows": {:hex, :arrows, "0.2.0", "11c078b52303413a987aa39c63d82d4b1b1d18f52bb0437de168c1010b396dbe", [:mix], [], "hexpm", "4c09a0b1084c6d40d7cbac68ec803eec0e3ecb7624cc693efdd79f17598e6085"},
  "beam_file": {:hex, :beam_file, "0.6.2", "efd54ec60be6a03f0a8f96f72b0353427196613289c46032d3500f0ab6c34d32", [:mix], [], "hexpm", "09a99e8e5aad674edcad7213b0d7602375dfd3c7d02f8e3136e3efae0bcc9c56"},
  "bonfire_common": {:git, "https://github.com/bonfire-networks/bonfire_common", "ea9160f5b0ce5ac535b2bad32305257a1de8da6f", []},
  "bonfire_data_edges": {:git, "https://github.com/bonfire-networks/bonfire_data_edges", "224212f3eb98bb2a534b4241b92b30dc30d0580b", []},
  "bonfire_data_identity": {:git, "https://github.com/bonfire-networks/bonfire_data_identity", "f85a23060dd0cc7452b4cb9e96e655db12f3d488", []},
  "bonfire_fail": {:git, "https://github.com/bonfire-networks/bonfire_fail", "aa5dfa98b25452f1148b8eb2134b6cc290d8eefb", []},
  "brex_result": {:hex, :brex_result, "0.4.0", "c4f2a4a5b487c3d4cd0c94cef5df596eeae986c1dc7cfe08755efc7e766610eb", [:mix], [], "hexpm", "c221aac71c48727ef55dc56cf845772a54e1db538564280c868eb0595e1e44f8"},
  "castore": {:hex, :castore, "1.0.10", "43bbeeac820f16c89f79721af1b3e092399b3a1ecc8df1a472738fd853574911", [:mix], [], "hexpm", "1b0b7ea14d889d9ea21202c43a4fa015eb913021cb535e8ed91946f4b77a8848"},
  "certifi": {:hex, :certifi, "2.12.0", "2d1cca2ec95f59643862af91f001478c9863c2ac9cb6e2f89780bfd8de987329", [:rebar3], [], "hexpm", "ee68d85df22e554040cdb4be100f33873ac6051387baf6a8f6ce82272340ff1c"},
  "chameleon": {:hex, :chameleon, "2.5.0", "102dd809f78701875efd0a203730dd64296a1f2d29c8efa6b00cc029d58ff39e", [:mix], [], "hexpm", "f3559827d8b4fe53a44e19e56ae94bedd36a355e0d33e18067b8abc37ec428db"},
  "cldr_utils": {:hex, :cldr_utils, "2.28.2", "f500667164a9043369071e4f9dcef31f88b8589b2e2c07a1eb9f9fa53cb1dce9", [:mix], [{:castore, "~> 0.1 or ~> 1.0", [hex: :castore, repo: "hexpm", optional: true]}, {:certifi, "~> 2.5", [hex: :certifi, repo: "hexpm", optional: true]}, {:decimal, "~> 1.9 or ~> 2.0", [hex: :decimal, repo: "hexpm", optional: false]}], "hexpm", "c506eb1a170ba7cdca59b304ba02a56795ed119856662f6b1a420af80ec42551"},
  "combine": {:hex, :combine, "0.10.0", "eff8224eeb56498a2af13011d142c5e7997a80c8f5b97c499f84c841032e429f", [:mix], [], "hexpm", "1b1dbc1790073076580d0d1d64e42eae2366583e7aecd455d1215b0d16f2451b"},
  "cowboy": {:hex, :cowboy, "2.12.0", "f276d521a1ff88b2b9b4c54d0e753da6c66dd7be6c9fca3d9418b561828a3731", [:make, :rebar3], [{:cowlib, "2.13.0", [hex: :cowlib, repo: "hexpm", optional: false]}, {:ranch, "1.8.0", [hex: :ranch, repo: "hexpm", optional: false]}], "hexpm", "8a7abe6d183372ceb21caa2709bec928ab2b72e18a3911aa1771639bef82651e"},
  "cowboy_telemetry": {:hex, :cowboy_telemetry, "0.4.0", "f239f68b588efa7707abce16a84d0d2acf3a0f50571f8bb7f56a15865aae820c", [:rebar3], [{:cowboy, "~> 2.7", [hex: :cowboy, repo: "hexpm", optional: false]}, {:telemetry, "~> 1.0", [hex: :telemetry, repo: "hexpm", optional: false]}], "hexpm", "7d98bac1ee4565d31b62d59f8823dfd8356a169e7fcbb83831b8a5397404c9de"},
  "cowlib": {:hex, :cowlib, "2.13.0", "db8f7505d8332d98ef50a3ef34b34c1afddec7506e4ee4dd4a3a266285d282ca", [:make, :rebar3], [], "hexpm", "e1e1284dc3fc030a64b1ad0d8382ae7e99da46c3246b815318a4b848873800a4"},
  "db_connection": {:hex, :db_connection, "2.7.0", "b99faa9291bb09892c7da373bb82cba59aefa9b36300f6145c5f201c7adf48ec", [:mix], [{:telemetry, "~> 0.4 or ~> 1.0", [hex: :telemetry, repo: "hexpm", optional: false]}], "hexpm", "dcf08f31b2701f857dfc787fbad78223d61a32204f217f15e881dd93e4bdd3ff"},
  "decimal": {:hex, :decimal, "2.2.0", "df3d06bb9517e302b1bd265c1e7f16cda51547ad9d99892049340841f3e15836", [:mix], [], "hexpm", "af8daf87384b51b7e611fb1a1f2c4d4876b65ef968fa8bd3adf44cff401c7f21"},
  "decorator": {:hex, :decorator, "1.4.0", "a57ac32c823ea7e4e67f5af56412d12b33274661bb7640ec7fc882f8d23ac419", [:mix], [], "hexpm", "0a07cedd9083da875c7418dea95b78361197cf2bf3211d743f6f7ce39656597f"},
  "digital_token": {:hex, :digital_token, "1.0.0", "454a4444061943f7349a51ef74b7fb1ebd19e6a94f43ef711f7dae88c09347df", [:mix], [{:cldr_utils, "~> 2.17", [hex: :cldr_utils, repo: "hexpm", optional: false]}, {:jason, "~> 1.0", [hex: :jason, repo: "hexpm", optional: true]}], "hexpm", "8ed6f5a8c2fa7b07147b9963db506a1b4c7475d9afca6492136535b064c9e9e6"},
  "earmark": {:hex, :earmark, "1.4.47", "7e7596b84fe4ebeb8751e14cbaeaf4d7a0237708f2ce43630cfd9065551f94ca", [:mix], [], "hexpm", "3e96bebea2c2d95f3b346a7ff22285bc68a99fbabdad9b655aa9c6be06c698f8"},
  "ecto": {:hex, :ecto, "3.12.4", "267c94d9f2969e6acc4dd5e3e3af5b05cdae89a4d549925f3008b2b7eb0b93c3", [:mix], [{:decimal, "~> 2.0", [hex: :decimal, repo: "hexpm", optional: false]}, {:jason, "~> 1.0", [hex: :jason, repo: "hexpm", optional: true]}, {:telemetry, "~> 0.4 or ~> 1.0", [hex: :telemetry, repo: "hexpm", optional: false]}], "hexpm", "ef04e4101688a67d061e1b10d7bc1fbf00d1d13c17eef08b71d070ff9188f747"},
  "ecto_dev_logger": {:hex, :ecto_dev_logger, "0.14.1", "af385ce1af1c4210ad67a4c46b985c370713446a179144a1da2885138c9fb242", [:mix], [{:ecto, "~> 3.7", [hex: :ecto, repo: "hexpm", optional: false]}, {:geo, "~> 3.5 or ~> 4.0", [hex: :geo, repo: "hexpm", optional: true]}, {:jason, "~> 1.0", [hex: :jason, repo: "hexpm", optional: false]}], "hexpm", "14a64ebae728b3c45db6ba8bb185979c8e01fc1b0d3d1d9c01c7a2b798e8c698"},
  "ecto_shorts": {:git, "https://github.com/bonfire-networks/ecto_shorts", "37d4e7b8dd494ba60a5199ccf66ba38d47e72682", [branch: "refactor/attempt1"]},
  "ecto_sparkles": {:hex, :ecto_sparkles, "0.2.1", "c61ffd4e6aa2965b383e1d7ea53ddc730c5141306199abd57882261ba8555b96", [:mix], [{:ecto, "~> 3.8", [hex: :ecto, repo: "hexpm", optional: false]}, {:ecto_dev_logger, "~> 0.9", [hex: :ecto_dev_logger, repo: "hexpm", optional: false]}, {:ecto_sql, "~> 3.8", [hex: :ecto_sql, repo: "hexpm", optional: false]}, {:html_sanitize_ex, "~> 1.4.2", [hex: :html_sanitize_ex, repo: "hexpm", optional: true]}, {:recase, "~> 0.7", [hex: :recase, repo: "hexpm", optional: false]}, {:untangle, "~> 0.3", [hex: :untangle, repo: "hexpm", optional: false]}], "hexpm", "60cd0a891b258f7c03534179e647fbc6265bf7e89c8693c6d9570e10664dc8e7"},
  "ecto_sql": {:hex, :ecto_sql, "3.12.1", "c0d0d60e85d9ff4631f12bafa454bc392ce8b9ec83531a412c12a0d415a3a4d0", [:mix], [{:db_connection, "~> 2.4.1 or ~> 2.5", [hex: :db_connection, repo: "hexpm", optional: false]}, {:ecto, "~> 3.12", [hex: :ecto, repo: "hexpm", optional: false]}, {:myxql, "~> 0.7", [hex: :myxql, repo: "hexpm", optional: true]}, {:postgrex, "~> 0.19 or ~> 1.0", [hex: :postgrex, repo: "hexpm", optional: true]}, {:tds, "~> 2.1.1 or ~> 2.2", [hex: :tds, repo: "hexpm", optional: true]}, {:telemetry, "~> 0.4.0 or ~> 1.0", [hex: :telemetry, repo: "hexpm", optional: false]}], "hexpm", "aff5b958a899762c5f09028c847569f7dfb9cc9d63bdb8133bff8a5546de6bf5"},
  "ex_cldr": {:hex, :ex_cldr, "2.40.1", "c1fcb0cd9d2a70d28f4540a99f32127e7f1813e0db109d65ab29dea5337ae266", [:mix], [{:cldr_utils, "~> 2.28", [hex: :cldr_utils, repo: "hexpm", optional: false]}, {:decimal, "~> 1.6 or ~> 2.0", [hex: :decimal, repo: "hexpm", optional: false]}, {:gettext, "~> 0.19", [hex: :gettext, repo: "hexpm", optional: true]}, {:jason, "~> 1.0", [hex: :jason, repo: "hexpm", optional: true]}, {:nimble_parsec, "~> 0.5 or ~> 1.0", [hex: :nimble_parsec, repo: "hexpm", optional: true]}], "hexpm", "509810702e8e81991851d9426ffe6b34b48b7b9baa12922e7b3fb8f6368606f3"},
  "ex_cldr_calendars": {:hex, :ex_cldr_calendars, "1.26.2", "5f15d1673f46fd1d7b0c770bf65b40ce060465328637d24212ec9e79310eca87", [:mix], [{:calendar_interval, "~> 0.2", [hex: :calendar_interval, repo: "hexpm", optional: true]}, {:ex_cldr_lists, "~> 2.10", [hex: :ex_cldr_lists, repo: "hexpm", optional: true]}, {:ex_cldr_numbers, "~> 2.31", [hex: :ex_cldr_numbers, repo: "hexpm", optional: false]}, {:ex_cldr_units, "~> 3.16", [hex: :ex_cldr_units, repo: "hexpm", optional: true]}, {:ex_doc, "~> 0.21", [hex: :ex_doc, repo: "hexpm", optional: true]}, {:jason, "~> 1.0", [hex: :jason, repo: "hexpm", optional: false]}], "hexpm", "b689847f3fbbd145954a9205e19b1e4850a79c2a27cdae1c7912b9b262a8ef35"},
  "ex_cldr_currencies": {:hex, :ex_cldr_currencies, "2.16.3", "1ec6444b5d0c0aabba5a3bc321d73f1c9c751c6add92e7fb7775ccc071d96bd8", [:mix], [{:ex_cldr, "~> 2.38", [hex: :ex_cldr, repo: "hexpm", optional: false]}, {:jason, "~> 1.0", [hex: :jason, repo: "hexpm", optional: true]}], "hexpm", "4d1b5f8449fdf0ece6a2e5c7401ad8fcfde77ee6ea480bddc16e266dfa2b570c"},
  "ex_cldr_dates_times": {:hex, :ex_cldr_dates_times, "2.20.3", "153cf527f9f7e524ccee8511c2279e39bec589e652d3b0daf5ab018e2364bf86", [:mix], [{:calendar_interval, "~> 0.2", [hex: :calendar_interval, repo: "hexpm", optional: true]}, {:ex_cldr, "~> 2.40", [hex: :ex_cldr, repo: "hexpm", optional: false]}, {:ex_cldr_calendars, "~> 1.25", [hex: :ex_cldr_calendars, repo: "hexpm", optional: false]}, {:ex_cldr_units, "~> 3.17", [hex: :ex_cldr_units, repo: "hexpm", optional: true]}, {:jason, "~> 1.0", [hex: :jason, repo: "hexpm", optional: true]}, {:tz, "~> 0.26", [hex: :tz, repo: "hexpm", optional: true]}], "hexpm", "52fe1493f44d2420d4af80dbafb65c89bfd17f0758a98c4ad61182518bb6e5a1"},
  "ex_cldr_languages": {:hex, :ex_cldr_languages, "0.3.3", "9787002803552b15a7ade19496c9e46fc921baca992ea80d0394e11fe3acea45", [:mix], [{:ex_cldr, "~> 2.25", [hex: :ex_cldr, repo: "hexpm", optional: false]}, {:jason, "~> 1.0", [hex: :jason, repo: "hexpm", optional: true]}], "hexpm", "22fb1fef72b7b4b4872d243b34e7b83734247a78ad87377986bf719089cc447a"},
  "ex_cldr_lists": {:hex, :ex_cldr_lists, "2.11.1", "ad18f861d7c5ca82aac6d173469c6a2339645c96790172ab0aa255b64fb7303b", [:mix], [{:ex_cldr_numbers, "~> 2.25", [hex: :ex_cldr_numbers, repo: "hexpm", optional: false]}, {:ex_doc, "~> 0.18", [hex: :ex_doc, repo: "hexpm", optional: true]}, {:jason, "~> 1.0", [hex: :jason, repo: "hexpm", optional: true]}], "hexpm", "00161c04510ccb3f18b19a6b8562e50c21f1e9c15b8ff4c934bea5aad0b4ade2"},
  "ex_cldr_locale_display": {:hex, :ex_cldr_locale_display, "1.5.0", "2c398e123d1420ccf711f8a28705a7b57af97259ed085302b7e46f63efa3535a", [:mix], [{:ex_cldr, "~> 2.37", [hex: :ex_cldr, repo: "hexpm", optional: false]}, {:ex_cldr_currencies, "~> 2.12", [hex: :ex_cldr_currencies, repo: "hexpm", optional: false]}, {:ex_cldr_territories, "~> 2.4", [hex: :ex_cldr_territories, repo: "hexpm", optional: false]}, {:jason, "~> 1.0", [hex: :jason, repo: "hexpm", optional: true]}], "hexpm", "9bf20480e64e14a69a1a653df2c3608cfd4d7fae8101dcc45ab85377971dda12"},
  "ex_cldr_numbers": {:hex, :ex_cldr_numbers, "2.33.4", "ecb06f40fc63f484a53d4ea80e1bdd6860ec44d3032f2b10b17340d34c0a13d5", [:mix], [{:decimal, "~> 1.6 or ~> 2.0", [hex: :decimal, repo: "hexpm", optional: false]}, {:digital_token, "~> 0.3 or ~> 1.0", [hex: :digital_token, repo: "hexpm", optional: false]}, {:ex_cldr, "~> 2.38", [hex: :ex_cldr, repo: "hexpm", optional: false]}, {:ex_cldr_currencies, "~> 2.16", [hex: :ex_cldr_currencies, repo: "hexpm", optional: false]}, {:jason, "~> 1.0", [hex: :jason, repo: "hexpm", optional: true]}], "hexpm", "d15b7e217e9e60c328e73045e51dc67d7ac5d2997247b833efab2c69b2ed06f5"},
  "ex_cldr_plugs": {:hex, :ex_cldr_plugs, "1.3.3", "d2fb605f8e25b89c5176377c03f8858985eeb350691a97502d190651df5ac999", [:mix], [{:ex_cldr, "~> 2.37", [hex: :ex_cldr, repo: "hexpm", optional: false]}, {:gettext, "~> 0.19", [hex: :gettext, repo: "hexpm", optional: true]}, {:jason, "~> 1.0", [hex: :jason, repo: "hexpm", optional: true]}, {:plug, "~> 1.9", [hex: :plug, repo: "hexpm", optional: false]}], "hexpm", "23ebfa8d7a9991b71515c865ddf00099c9a23425767fb5dcbbca636df4aaeaab"},
  "ex_cldr_territories": {:hex, :ex_cldr_territories, "2.9.0", "6db9bc0741688201f6730caa91805181ea4f3d40f3e56ea1bdd8c9ed73edaf73", [:mix], [{:ex_cldr, "~> 2.38", [hex: :ex_cldr, repo: "hexpm", optional: false]}, {:jason, "~> 1.0", [hex: :jason, repo: "hexpm", optional: true]}], "hexpm", "93ec0ae059a23680d418101e1972922efe7bdca7f177207a2a8932e7dd51d33f"},
  "ex_cldr_units": {:hex, :ex_cldr_units, "3.17.2", "b0483d5c61c6c8649aafdcafc7372dd71a7a30f52dd4c9b072576467bf721454", [:mix], [{:cldr_utils, "~> 2.25", [hex: :cldr_utils, repo: "hexpm", optional: false]}, {:decimal, "~> 1.6 or ~> 2.0", [hex: :decimal, repo: "hexpm", optional: false]}, {:ex_cldr_lists, "~> 2.10", [hex: :ex_cldr_lists, repo: "hexpm", optional: false]}, {:ex_cldr_numbers, "~> 2.33.0", [hex: :ex_cldr_numbers, repo: "hexpm", optional: false]}, {:ex_doc, "~> 0.18", [hex: :ex_doc, repo: "hexpm", optional: true]}, {:jason, "~> 1.0", [hex: :jason, repo: "hexpm", optional: true]}], "hexpm", "457d76c6e3b548bd7aba3c7b5d157213be2842d1162c2283abf81d9e2f1e1fc7"},
  "ex_ulid": {:hex, :ex_ulid, "0.1.0", "e6e717c57344f6e500d0190ccb4edc862b985a3680f15834af992ec065d4dcff", [:mix], [], "hexpm", "a2befd477aebc4639563de7e233e175cacf8a8f42c8f6778c88d60c13bf20860"},
  "exkismet": {:git, "https://github.com/tcitworld/exkismet", "68830454608d315f69d5fe1061ac1bf31c1a856e", [branch: "update-project"]},
  "expo": {:hex, :expo, "1.1.0", "f7b9ed7fb5745ebe1eeedf3d6f29226c5dd52897ac67c0f8af62a07e661e5c75", [:mix], [], "hexpm", "fbadf93f4700fb44c331362177bdca9eeb8097e8b0ef525c9cc501cb9917c960"},
  "exto": {:hex, :exto, "0.4.0", "e911536a19374ff2c00547139e78f8708e5ddb992e9d520bed593579930ebb0c", [:mix], [{:accessible, "~> 0.3.0", [hex: :accessible, repo: "hexpm", optional: false]}, {:ecto, "~> 3.0", [hex: :ecto, repo: "hexpm", optional: false]}], "hexpm", "447afd96c2190c861db9f6201dfb733175473347a23c0c9d3169e17686ec7fd6"},
  "faker": {:hex, :faker, "0.17.0", "671019d0652f63aefd8723b72167ecdb284baf7d47ad3a82a15e9b8a6df5d1fa", [:mix], [], "hexpm", "a7d4ad84a93fd25c5f5303510753789fc2433ff241bf3b4144d3f6f291658a6a"},
  "file_system": {:hex, :file_system, "1.0.1", "79e8ceaddb0416f8b8cd02a0127bdbababe7bf4a23d2a395b983c1f8b3f73edd", [:mix], [], "hexpm", "4414d1f38863ddf9120720cd976fce5bdde8e91d8283353f0e31850fa89feb9e"},
  "floki": {:hex, :floki, "0.36.3", "1102f93b16a55bc5383b85ae3ec470f82dee056eaeff9195e8afdf0ef2a43c30", [:mix], [], "hexpm", "fe0158bff509e407735f6d40b3ee0d7deb47f3f3ee7c6c182ad28599f9f6b27a"},
  "gettext": {:hex, :gettext, "0.26.2", "5978aa7b21fada6deabf1f6341ddba50bc69c999e812211903b169799208f2a8", [:mix], [{:expo, "~> 0.5.1 or ~> 1.0", [hex: :expo, repo: "hexpm", optional: false]}], "hexpm", "aa978504bcf76511efdc22d580ba08e2279caab1066b76bb9aa81c4a1e0a32a5"},
  "git_diff": {:hex, :git_diff, "0.6.4", "ec53ebf8bf83b4527d938d6433e3686b47a3e2a23135a21038f76736c16bb6e0", [:mix], [], "hexpm", "9e05563c136c91e960a306fd296156b2e8d74e294ae60961e69a36e118023a5f"},
  "hackney": {:hex, :hackney, "1.20.1", "8d97aec62ddddd757d128bfd1df6c5861093419f8f7a4223823537bad5d064e2", [:rebar3], [{:certifi, "~> 2.12.0", [hex: :certifi, repo: "hexpm", optional: false]}, {:idna, "~> 6.1.0", [hex: :idna, repo: "hexpm", optional: false]}, {:metrics, "~> 1.0.0", [hex: :metrics, repo: "hexpm", optional: false]}, {:mimerl, "~> 1.1", [hex: :mimerl, repo: "hexpm", optional: false]}, {:parse_trans, "3.4.1", [hex: :parse_trans, repo: "hexpm", optional: false]}, {:ssl_verify_fun, "~> 1.1.0", [hex: :ssl_verify_fun, repo: "hexpm", optional: false]}, {:unicode_util_compat, "~> 0.7.0", [hex: :unicode_util_compat, repo: "hexpm", optional: false]}], "hexpm", "fe9094e5f1a2a2c0a7d10918fee36bfec0ec2a979994cff8cfe8058cd9af38e3"},
  "html_entities": {:hex, :html_entities, "0.5.2", "9e47e70598da7de2a9ff6af8758399251db6dbb7eebe2b013f2bbd2515895c3c", [:mix], [], "hexpm", "c53ba390403485615623b9531e97696f076ed415e8d8058b1dbaa28181f4fdcc"},
  "html_sanitize_ex": {:hex, :html_sanitize_ex, "1.4.3", "67b3d9fa8691b727317e0cc96b9b3093be00ee45419ffb221cdeee88e75d1360", [:mix], [{:mochiweb, "~> 2.15 or ~> 3.1", [hex: :mochiweb, repo: "hexpm", optional: false]}], "hexpm", "87748d3c4afe949c7c6eb7150c958c2bcba43fc5b2a02686af30e636b74bccb7"},
  "httpoison": {:hex, :httpoison, "2.2.1", "87b7ed6d95db0389f7df02779644171d7319d319178f6680438167d7b69b1f3d", [:mix], [{:hackney, "~> 1.17", [hex: :hackney, repo: "hexpm", optional: false]}], "hexpm", "51364e6d2f429d80e14fe4b5f8e39719cacd03eb3f9a9286e61e216feac2d2df"},
  "iconify_ex": {:hex, :iconify_ex, "0.6.0", "77460cf88dd6b14e815bf5d667fb14395cc77b2fcfe363d0012b4b46dd8f5383", [:mix], [{:arrows, "~> 0.2", [hex: :arrows, repo: "hexpm", optional: false]}, {:emote, "~> 0.1.1", [hex: :emote, repo: "hexpm", optional: true]}, {:floki, ">= 0.30.0", [hex: :floki, repo: "hexpm", optional: true]}, {:jason, "~> 1.3", [hex: :jason, repo: "hexpm", optional: false]}, {:phoenix_live_favicon, "~> 0.2.0", [hex: :phoenix_live_favicon, repo: "hexpm", optional: true]}, {:phoenix_live_view, "~> 0.19", [hex: :phoenix_live_view, repo: "hexpm", optional: false]}, {:recase, "~> 0.8", [hex: :recase, repo: "hexpm", optional: false]}, {:surface, "~> 0.11.0", [hex: :surface, repo: "hexpm", optional: true]}, {:untangle, "~> 0.3", [hex: :untangle, repo: "hexpm", optional: false]}], "hexpm", "1711b01ad883c0c82684d2d7a42e1381cfe4dde0879c1d1d6ed1d1f187d95938"},
  "idna": {:hex, :idna, "6.1.1", "8a63070e9f7d0c62eb9d9fcb360a7de382448200fbbd1b106cc96d3d8099df8d", [:rebar3], [{:unicode_util_compat, "~> 0.7.0", [hex: :unicode_util_compat, repo: "hexpm", optional: false]}], "hexpm", "92376eb7894412ed19ac475e4a86f7b413c1b9fbb5bd16dccd57934157944cea"},
  "jason": {:hex, :jason, "1.4.4", "b9226785a9aa77b6857ca22832cffa5d5011a667207eb2a0ad56adb5db443b8a", [:mix], [{:decimal, "~> 1.0 or ~> 2.0", [hex: :decimal, repo: "hexpm", optional: true]}], "hexpm", "c5eb0cab91f094599f94d55bc63409236a8ec69a21a67814529e8d5f6cc90b3b"},
  "json_serde": {:hex, :json_serde, "1.1.1", "5315570dda1a0adc531a68b4d3946b5d9a1e9147391df2c53c327f4d5f213eed", [:mix], [{:brex_result, "~> 0.4.0", [hex: :brex_result, repo: "hexpm", optional: false]}, {:decimal, "~> 2.0", [hex: :decimal, repo: "hexpm", optional: false]}, {:jason, "~> 1.3", [hex: :jason, repo: "hexpm", optional: false]}], "hexpm", "0a7acdfac16efceb5337547e98418d3de083c066bbc05f3b5dd96c434d533922"},
  "live_select": {:hex, :live_select, "1.4.3", "ec9706952f589d8e2e6f98a0e1633c5b51ab5b807d503bd0d9622a26c999fb9a", [:mix], [{:ecto, "~> 3.8", [hex: :ecto, repo: "hexpm", optional: false]}, {:jason, "~> 1.0", [hex: :jason, repo: "hexpm", optional: false]}, {:phoenix, ">= 1.6.0", [hex: :phoenix, repo: "hexpm", optional: true]}, {:phoenix_html, "~> 4.0", [hex: :phoenix_html, repo: "hexpm", optional: false]}, {:phoenix_html_helpers, "~> 1.0", [hex: :phoenix_html_helpers, repo: "hexpm", optional: false]}, {:phoenix_live_view, "~> 0.19", [hex: :phoenix_live_view, repo: "hexpm", optional: false]}], "hexpm", "58f7d702b0f786c73d31e60a342c0a49afaf56ca5a6a078b51babf3490465220"},
  "makeup": {:hex, :makeup, "1.2.1", "e90ac1c65589ef354378def3ba19d401e739ee7ee06fb47f94c687016e3713d1", [:mix], [{:nimble_parsec, "~> 1.4", [hex: :nimble_parsec, repo: "hexpm", optional: false]}], "hexpm", "d36484867b0bae0fea568d10131197a4c2e47056a6fbe84922bf6ba71c8d17ce"},
  "makeup_diff": {:hex, :makeup_diff, "0.1.1", "01498f8c95970081297837eaf4686b6f3813e535795b8421f15ace17a59aea37", [:mix], [{:makeup, "~> 1.0", [hex: :makeup, repo: "hexpm", optional: false]}], "hexpm", "fadb0bf014bd328badb7be986eadbce1a29955dd51c27a9e401c3045cf24184e"},
  "makeup_eex": {:hex, :makeup_eex, "0.1.2", "93a5ef3d28ed753215dba2d59cb40408b37cccb4a8205e53ef9b5319a992b700", [:mix], [{:makeup, "~> 1.0", [hex: :makeup, repo: "hexpm", optional: false]}, {:makeup_elixir, "~> 0.16 or ~> 1.0", [hex: :makeup_elixir, repo: "hexpm", optional: false]}, {:makeup_html, "~> 0.1.0 or ~> 1.0", [hex: :makeup_html, repo: "hexpm", optional: false]}, {:nimble_parsec, "~> 1.2", [hex: :nimble_parsec, repo: "hexpm", optional: false]}], "hexpm", "6140eafb28215ad7182282fd21d9aa6dcffbfbe0eb876283bc6b768a6c57b0c3"},
  "makeup_elixir": {:hex, :makeup_elixir, "0.16.2", "627e84b8e8bf22e60a2579dad15067c755531fea049ae26ef1020cad58fe9578", [:mix], [{:makeup, "~> 1.0", [hex: :makeup, repo: "hexpm", optional: false]}, {:nimble_parsec, "~> 1.2.3 or ~> 1.3", [hex: :nimble_parsec, repo: "hexpm", optional: false]}], "hexpm", "41193978704763f6bbe6cc2758b84909e62984c7752b3784bd3c218bb341706b"},
  "makeup_erlang": {:hex, :makeup_erlang, "1.0.1", "c7f58c120b2b5aa5fd80d540a89fdf866ed42f1f3994e4fe189abebeab610839", [:mix], [{:makeup, "~> 1.0", [hex: :makeup, repo: "hexpm", optional: false]}], "hexpm", "8a89a1eeccc2d798d6ea15496a6e4870b75e014d1af514b1b71fa33134f57814"},
  "makeup_graphql": {:hex, :makeup_graphql, "0.1.2", "81e2939aab6d2b81d39ee5d9e13fae02599e9ca6e1152e0eeed737a98a5f96aa", [:mix], [{:makeup, "~> 1.0", [hex: :makeup, repo: "hexpm", optional: false]}, {:nimble_parsec, "~> 1.1", [hex: :nimble_parsec, repo: "hexpm", optional: false]}], "hexpm", "3390ab04ba388d52a94bbe64ef62aa4d7923ceaffac43ec948f58f631440e8fb"},
  "makeup_html": {:hex, :makeup_html, "0.1.2", "19d4050c0978a4f1618ffe43054c0049f91fe5feeb9ae8d845b5dc79c6008ae5", [:mix], [{:makeup, "~> 1.2", [hex: :makeup, repo: "hexpm", optional: false]}], "hexpm", "b7fb9afedd617d167e6644a0430e49c1279764bfd3153da716d4d2459b0998c5"},
  "makeup_js": {:hex, :makeup_js, "0.1.0", "ffa8ce9db95d14dcd09045334539d5992d540d63598c592d4805b7674bdd6675", [:mix], [{:makeup, "~> 1.0", [hex: :makeup, repo: "hexpm", optional: false]}], "hexpm", "3f0c1a5eb52c9737b1679c926574e83bb260ccdedf08b58ee96cca7c685dea75"},
  "makeup_json": {:hex, :makeup_json, "0.1.1", "44204f3f023ff3daca682cc0b1dc372098514460064599979cb4cde5926cff70", [:mix], [{:makeup, "~> 1.0", [hex: :makeup, repo: "hexpm", optional: false]}, {:nimble_parsec, "~> 1.1", [hex: :nimble_parsec, repo: "hexpm", optional: false]}], "hexpm", "3879d78117e37a9b1e567b9cc76c1b5b51b9efc5f4f4301ea5e53fb70c59c718"},
  "makeup_sql": {:hex, :makeup_sql, "0.1.1", "e800f13e73c12dce5458f3121340fe9c59da6ddad885c72b9578bc96ce72be64", [:mix], [{:makeup, "~> 1.0", [hex: :makeup, repo: "hexpm", optional: false]}, {:nimble_parsec, "~> 1.1", [hex: :nimble_parsec, repo: "hexpm", optional: false]}], "hexpm", "27386d0d995b72ef2f094975c87491933f2b7014350f20024dd2e15dc85d5381"},
  "metrics": {:hex, :metrics, "1.0.1", "25f094dea2cda98213cecc3aeff09e940299d950904393b2a29d191c346a8486", [:rebar3], [], "hexpm", "69b09adddc4f74a40716ae54d140f93beb0fb8978d8636eaded0c31b6f099f16"},
  "mime": {:hex, :mime, "2.0.6", "8f18486773d9b15f95f4f4f1e39b710045fa1de891fada4516559967276e4dc2", [:mix], [], "hexpm", "c9945363a6b26d747389aac3643f8e0e09d30499a138ad64fe8fd1d13d9b153e"},
  "mimerl": {:hex, :mimerl, "1.3.0", "d0cd9fc04b9061f82490f6581e0128379830e78535e017f7780f37fea7545726", [:rebar3], [], "hexpm", "a1e15a50d1887217de95f0b9b0793e32853f7c258a5cd227650889b38839fe9d"},
  "mochiweb": {:hex, :mochiweb, "3.2.2", "bb435384b3b9fd1f92f2f3fe652ea644432877a3e8a81ed6459ce951e0482ad3", [:rebar3], [], "hexpm", "4114e51f1b44c270b3242d91294fe174ce1ed989100e8b65a1fab58e0cba41d5"},
  "nebulex": {:hex, :nebulex, "2.6.4", "4b00706e0e676474783d988962abf74614480e13c0a32645acb89bb32b660e09", [:mix], [{:decorator, "~> 1.4", [hex: :decorator, repo: "hexpm", optional: true]}, {:shards, "~> 1.1", [hex: :shards, repo: "hexpm", optional: true]}, {:telemetry, "~> 0.4 or ~> 1.0", [hex: :telemetry, repo: "hexpm", optional: true]}], "hexpm", "25bdabf3fb86035c8151bba60bda20f80f96ae0261db7bd4090878ff63b03581"},
  "needle": {:hex, :needle, "0.8.0", "27a6100e053e0885956dc74ee7dd34d87ac500106d84e249ad1c199ad351674b", [:mix], [{:ecto_sql, "~> 3.8", [hex: :ecto_sql, repo: "hexpm", optional: false]}, {:exto, "~> 0.4", [hex: :exto, repo: "hexpm", optional: false]}, {:needle_ulid, "~> 0.3", [hex: :needle_ulid, repo: "hexpm", optional: false]}, {:telemetry, "~> 0.4 or ~> 1.0", [hex: :telemetry, repo: "hexpm", optional: false]}], "hexpm", "041e2a43aa4451c231a4368d12c4c79299975be0b5c6fd59eea018c7a35dc13d"},
  "needle_uid": {:git, "https://github.com/bonfire-networks/needle_uid", "9b3cfcba18322cec0595fa51f90489001381f47b", []},
  "needle_ulid": {:git, "https://github.com/bonfire-networks/needle_ulid", "10f9ad7c9916f9ff3d5e4f34a1a270c45056fe8d", []},
  "nimble_parsec": {:hex, :nimble_parsec, "1.4.0", "51f9b613ea62cfa97b25ccc2c1b4216e81df970acd8e16e8d1bdc58fef21370d", [:mix], [], "hexpm", "9c565862810fb383e9838c1dd2d7d2c437b3d13b267414ba6af33e50d2d1cf28"},
  "oban": {:hex, :oban, "2.18.3", "1608c04f8856c108555c379f2f56bc0759149d35fa9d3b825cb8a6769f8ae926", [:mix], [{:ecto_sql, "~> 3.10", [hex: :ecto_sql, repo: "hexpm", optional: false]}, {:ecto_sqlite3, "~> 0.9", [hex: :ecto_sqlite3, repo: "hexpm", optional: true]}, {:jason, "~> 1.1", [hex: :jason, repo: "hexpm", optional: false]}, {:postgrex, "~> 0.16", [hex: :postgrex, repo: "hexpm", optional: true]}, {:telemetry, "~> 0.4 or ~> 1.0", [hex: :telemetry, repo: "hexpm", optional: false]}], "hexpm", "36ca6ca84ef6518f9c2c759ea88efd438a3c81d667ba23b02b062a0aa785475e"},
  "opentelemetry_api": {:hex, :opentelemetry_api, "1.4.0", "63ca1742f92f00059298f478048dfb826f4b20d49534493d6919a0db39b6db04", [:mix, :rebar3], [], "hexpm", "3dfbbfaa2c2ed3121c5c483162836c4f9027def469c41578af5ef32589fcfc58"},
  "opentelemetry_semantic_conventions": {:hex, :opentelemetry_semantic_conventions, "0.2.0", "b67fe459c2938fcab341cb0951c44860c62347c005ace1b50f8402576f241435", [:mix, :rebar3], [], "hexpm", "d61fa1f5639ee8668d74b527e6806e0503efc55a42db7b5f39939d84c07d6895"},
  "paginator": {:git, "https://github.com/bonfire-networks/paginator", "52f0c069a3d90613b9bfe11ae7dd15eb89b7504e", []},
  "parse_trans": {:hex, :parse_trans, "3.4.1", "6e6aa8167cb44cc8f39441d05193be6e6f4e7c2946cb2759f015f8c56b76e5ff", [:rebar3], [], "hexpm", "620a406ce75dada827b82e453c19cf06776be266f5a67cff34e1ef2cbb60e49a"},
  "pathex": {:hex, :pathex, "2.6.0", "06fad5aaf81b2505698436e68e9f26a4cab3fab66aab10ff294e72974830fad1", [:mix], [], "hexpm", "359256d4748f598b6808a0acf18324e28511f5c057a4acdc5e0727d995d52c07"},
  "phoenix": {:hex, :phoenix, "1.7.14", "a7d0b3f1bc95987044ddada111e77bd7f75646a08518942c72a8440278ae7825", [:mix], [{:castore, ">= 0.0.0", [hex: :castore, repo: "hexpm", optional: false]}, {:jason, "~> 1.0", [hex: :jason, repo: "hexpm", optional: true]}, {:phoenix_pubsub, "~> 2.1", [hex: :phoenix_pubsub, repo: "hexpm", optional: false]}, {:phoenix_template, "~> 1.0", [hex: :phoenix_template, repo: "hexpm", optional: false]}, {:phoenix_view, "~> 2.0", [hex: :phoenix_view, repo: "hexpm", optional: true]}, {:plug, "~> 1.14", [hex: :plug, repo: "hexpm", optional: false]}, {:plug_cowboy, "~> 2.7", [hex: :plug_cowboy, repo: "hexpm", optional: true]}, {:plug_crypto, "~> 1.2 or ~> 2.0", [hex: :plug_crypto, repo: "hexpm", optional: false]}, {:telemetry, "~> 0.4 or ~> 1.0", [hex: :telemetry, repo: "hexpm", optional: false]}, {:websock_adapter, "~> 0.5.3", [hex: :websock_adapter, repo: "hexpm", optional: false]}], "hexpm", "c7859bc56cc5dfef19ecfc240775dae358cbaa530231118a9e014df392ace61a"},
  "phoenix_html": {:hex, :phoenix_html, "4.1.1", "4c064fd3873d12ebb1388425a8f2a19348cef56e7289e1998e2d2fa758aa982e", [:mix], [], "hexpm", "f2f2df5a72bc9a2f510b21497fd7d2b86d932ec0598f0210fed4114adc546c6f"},
  "phoenix_html_helpers": {:hex, :phoenix_html_helpers, "1.0.1", "7eed85c52eff80a179391036931791ee5d2f713d76a81d0d2c6ebafe1e11e5ec", [:mix], [{:phoenix_html, "~> 4.0", [hex: :phoenix_html, repo: "hexpm", optional: false]}, {:plug, "~> 1.5", [hex: :plug, repo: "hexpm", optional: true]}], "hexpm", "cffd2385d1fa4f78b04432df69ab8da63dc5cf63e07b713a4dcf36a3740e3090"},
  "phoenix_live_favicon": {:hex, :phoenix_live_favicon, "0.2.0", "989522f5e6b9fed090b506de8c3cf65ba5cfa0210679c42cd7a44492c9b10ceb", [:mix], [{:phoenix_live_head, "~> 0.2.0", [hex: :phoenix_live_head, repo: "hexpm", optional: false]}], "hexpm", "136121d68b30f9344214d37feebf88ee63f1a1948a33251ac80c706cfa7da79e"},
  "phoenix_live_head": {:hex, :phoenix_live_head, "0.2.2", "c0a07ee5b6a281ebd7539a8839d49e4471bc7f4eac6e8b48928f4379908e8f46", [:mix], [{:ex_doc, ">= 0.27.0", [hex: :ex_doc, repo: "hexpm", optional: true]}, {:jason, ">= 1.0.0", [hex: :jason, repo: "hexpm", optional: true]}, {:phoenix, ">= 1.6.0", [hex: :phoenix, repo: "hexpm", optional: false]}, {:phoenix_html, ">= 3.1.0", [hex: :phoenix_html, repo: "hexpm", optional: false]}, {:phoenix_live_view, ">= 0.17.0", [hex: :phoenix_live_view, repo: "hexpm", optional: false]}], "hexpm", "fdfe3dc85499f7cc277b8d2c973fb50fbde9748cc56664fbe7b9ada8712dba19"},
  "phoenix_live_reload": {:hex, :phoenix_live_reload, "1.5.3", "f2161c207fda0e4fb55165f650f7f8db23f02b29e3bff00ff7ef161d6ac1f09d", [:mix], [{:file_system, "~> 0.3 or ~> 1.0", [hex: :file_system, repo: "hexpm", optional: false]}, {:phoenix, "~> 1.4", [hex: :phoenix, repo: "hexpm", optional: false]}], "hexpm", "b4ec9cd73cb01ff1bd1cac92e045d13e7030330b74164297d1aee3907b54803c"},
  "phoenix_live_view": {:hex, :phoenix_live_view, "0.20.17", "f396bbdaf4ba227b82251eb75ac0afa6b3da5e509bc0d030206374237dfc9450", [:mix], [{:floki, "~> 0.36", [hex: :floki, repo: "hexpm", optional: true]}, {:jason, "~> 1.0", [hex: :jason, repo: "hexpm", optional: true]}, {:phoenix, "~> 1.6.15 or ~> 1.7.0", [hex: :phoenix, repo: "hexpm", optional: false]}, {:phoenix_html, "~> 3.3 or ~> 4.0", [hex: :phoenix_html, repo: "hexpm", optional: false]}, {:phoenix_template, "~> 1.0", [hex: :phoenix_template, repo: "hexpm", optional: false]}, {:phoenix_view, "~> 2.0", [hex: :phoenix_view, repo: "hexpm", optional: true]}, {:plug, "~> 1.15", [hex: :plug, repo: "hexpm", optional: false]}, {:telemetry, "~> 0.4.2 or ~> 1.0", [hex: :telemetry, repo: "hexpm", optional: false]}], "hexpm", "a61d741ffb78c85fdbca0de084da6a48f8ceb5261a79165b5a0b59e5f65ce98b"},
  "phoenix_pubsub": {:hex, :phoenix_pubsub, "2.1.3", "3168d78ba41835aecad272d5e8cd51aa87a7ac9eb836eabc42f6e57538e3731d", [:mix], [], "hexpm", "bba06bc1dcfd8cb086759f0edc94a8ba2bc8896d5331a1e2c2902bf8e36ee502"},
  "phoenix_seo": {:hex, :phoenix_seo, "0.1.10", "283488855d5d253e17a074bc12fe0739ed776cf941bf911a5f48008416fd52a3", [:mix], [{:phoenix_live_view, ">= 0.18.0", [hex: :phoenix_live_view, repo: "hexpm", optional: false]}], "hexpm", "53ed1db55a0abf9f7e96421d9d5a25c217a955897dc520b436b7c126ae6bda24"},
  "phoenix_template": {:hex, :phoenix_template, "1.0.4", "e2092c132f3b5e5b2d49c96695342eb36d0ed514c5b252a77048d5969330d639", [:mix], [{:phoenix_html, "~> 2.14.2 or ~> 3.0 or ~> 4.0", [hex: :phoenix_html, repo: "hexpm", optional: true]}], "hexpm", "2c0c81f0e5c6753faf5cca2f229c9709919aba34fab866d3bc05060c9c444206"},
  "phoenix_test": {:hex, :phoenix_test, "0.3.2", "030d98c401ef95db564da6a15b5077909e11a532986690b757f40c105cda8be4", [:mix], [{:floki, ">= 0.30.0", [hex: :floki, repo: "hexpm", optional: false]}, {:jason, "~> 1.4", [hex: :jason, repo: "hexpm", optional: false]}, {:phoenix, "~> 1.7.10", [hex: :phoenix, repo: "hexpm", optional: false]}, {:phoenix_live_view, "~> 0.20.1", [hex: :phoenix_live_view, repo: "hexpm", optional: false]}], "hexpm", "538be4b25207e250b1939f6374bb1fc9f6346edefcb3f5e1daa51067544a3b76"},
  "phoenix_view": {:hex, :phoenix_view, "2.0.4", "b45c9d9cf15b3a1af5fb555c674b525391b6a1fe975f040fb4d913397b31abf4", [:mix], [{:phoenix_html, "~> 2.14.2 or ~> 3.0 or ~> 4.0", [hex: :phoenix_html, repo: "hexpm", optional: true]}, {:phoenix_template, "~> 1.0", [hex: :phoenix_template, repo: "hexpm", optional: false]}], "hexpm", "4e992022ce14f31fe57335db27a28154afcc94e9983266835bb3040243eb620b"},
  "plug": {:hex, :plug, "1.16.1", "40c74619c12f82736d2214557dedec2e9762029b2438d6d175c5074c933edc9d", [:mix], [{:mime, "~> 1.0 or ~> 2.0", [hex: :mime, repo: "hexpm", optional: false]}, {:plug_crypto, "~> 1.1.1 or ~> 1.2 or ~> 2.0", [hex: :plug_crypto, repo: "hexpm", optional: false]}, {:telemetry, "~> 0.4.3 or ~> 1.0", [hex: :telemetry, repo: "hexpm", optional: false]}], "hexpm", "a13ff6b9006b03d7e33874945b2755253841b238c34071ed85b0e86057f8cddc"},
  "plug_attack": {:hex, :plug_attack, "0.4.3", "88e6c464d68b1491aa083a0347d59d58ba71a7e591a7f8e1b675e8c7792a0ba8", [:mix], [{:plug, "~> 1.0", [hex: :plug, repo: "hexpm", optional: false]}], "hexpm", "9ed6fb8a6f613a36040f2875130a21187126c5625092f24bc851f7f12a8cbdc1"},
  "plug_cowboy": {:hex, :plug_cowboy, "2.7.2", "fdadb973799ae691bf9ecad99125b16625b1c6039999da5fe544d99218e662e4", [:mix], [{:cowboy, "~> 2.7", [hex: :cowboy, repo: "hexpm", optional: false]}, {:cowboy_telemetry, "~> 0.3", [hex: :cowboy_telemetry, repo: "hexpm", optional: false]}, {:plug, "~> 1.14", [hex: :plug, repo: "hexpm", optional: false]}], "hexpm", "245d8a11ee2306094840c000e8816f0cbed69a23fc0ac2bcf8d7835ae019bb2f"},
  "plug_crypto": {:hex, :plug_crypto, "2.1.0", "f44309c2b06d249c27c8d3f65cfe08158ade08418cf540fd4f72d4d6863abb7b", [:mix], [], "hexpm", "131216a4b030b8f8ce0f26038bc4421ae60e4bb95c5cf5395e1421437824c4fa"},
  "plug_early_hints": {:hex, :plug_early_hints, "0.1.0", "e12972febafbaabac081db9d8db54ae46e8c544085032a2ab12853d69a8ccd83", [:mix], [{:plug, "~> 1.11", [hex: :plug, repo: "hexpm", optional: false]}], "hexpm", "f4167b2daecbe39af40718fe0907899f34ef9f19ea11fb184a4732b18dc70e3c"},
  "postgrex": {:hex, :postgrex, "0.18.0", "f34664101eaca11ff24481ed4c378492fed2ff416cd9b06c399e90f321867d7e", [:mix], [{:db_connection, "~> 2.1", [hex: :db_connection, repo: "hexpm", optional: false]}, {:decimal, "~> 1.5 or ~> 2.0", [hex: :decimal, repo: "hexpm", optional: false]}, {:jason, "~> 1.0", [hex: :jason, repo: "hexpm", optional: true]}, {:table, "~> 0.1.0", [hex: :table, repo: "hexpm", optional: true]}], "hexpm", "a042989ba1bc1cca7383ebb9e461398e3f89f868c92ce6671feb7ef132a252d1"},
  "pride": {:git, "https://github.com/bonfire-networks/pride", "bf2df6169d48cabc1b567cdaa27c0b0546ce3749", []},
  "process_tree": {:hex, :process_tree, "0.1.3", "12ca2724d74b211bcb106659cb64d11a88fe6e8e3256071c601233d469235665", [:mix], [], "hexpm", "156e8b4f8ed51f80dd134fc0de89af1ad3ec84a255a9c036c92a2e02e3b24302"},
  "ranch": {:hex, :ranch, "1.8.0", "8c7a100a139fd57f17327b6413e4167ac559fbc04ca7448e9be9057311597a1d", [:make, :rebar3], [], "hexpm", "49fbcfd3682fab1f5d109351b61257676da1a2fdbe295904176d5e521a2ddfe5"},
  "recase": {:hex, :recase, "0.8.1", "ab98cd35857a86fa5ca99036f575241d71d77d9c2ab0c39aacf1c9b61f6f7d1d", [:mix], [], "hexpm", "9fd8d63e7e43bd9ea385b12364e305778b2bbd92537e95c4b2e26fc507d5e4c2"},
  "remote_ip": {:hex, :remote_ip, "1.2.0", "fb078e12a44414f4cef5a75963c33008fe169b806572ccd17257c208a7bc760f", [:mix], [{:combine, "~> 0.10", [hex: :combine, repo: "hexpm", optional: false]}, {:plug, "~> 1.14", [hex: :plug, repo: "hexpm", optional: false]}], "hexpm", "2ff91de19c48149ce19ed230a81d377186e4412552a597d6a5137373e5877cb7"},
  "sizeable": {:hex, :sizeable, "1.0.2", "625fe06a5dad188b52121a140286f1a6ae1adf350a942cf419499ecd8a11ee29", [:mix], [], "hexpm", "4bab548e6dfba777b400ca50830a9e3a4128e73df77ab1582540cf5860601762"},
  "solid": {:hex, :solid, "0.15.2", "6921af98a3a862041bb6af72b5f6e094dbf0242366b142f98a92cabe4ed30d2a", [:mix], [{:nimble_parsec, "~> 1.0", [hex: :nimble_parsec, repo: "hexpm", optional: false]}], "hexpm", "18b062b04948b7f7b99ac4a9360681dac7e0bd142df5e62a7761696c7384be45"},
  "sourceror": {:hex, :sourceror, "1.7.1", "599d78f4cc2be7d55c9c4fd0a8d772fd0478e3a50e726697c20d13d02aa056d4", [:mix], [], "hexpm", "cd6f268fe29fa00afbc535e215158680a0662b357dc784646d7dff28ac65a0fc"},
  "ssl_verify_fun": {:hex, :ssl_verify_fun, "1.1.7", "354c321cf377240c7b8716899e182ce4890c5938111a1296add3ec74cf1715df", [:make, :mix, :rebar3], [], "hexpm", "fe4c190e8f37401d30167c8c405eda19469f34577987c76dde613e838bbc67f8"},
  "surface": {:hex, :surface, "0.12.0", "e3b62a9fd263310286ecb3d3c30df5ebee4e181b8220affdcd4c73a11b0ba20a", [:mix], [{:phoenix_live_view, "~> 0.19.0 or ~> 0.20.10", [hex: :phoenix_live_view, repo: "hexpm", optional: false]}, {:sourceror, "~> 1.0", [hex: :sourceror, repo: "hexpm", optional: false]}], "hexpm", "f306ee6e570557cf1f4f3191f9f03b919329ea1e2d9a6166748c7f7d963397ba"},
  "surface_form_helpers": {:hex, :surface_form_helpers, "0.2.0", "76d56b311cdee0b8b667a3406954455b9a147ffc16085e75457a40fc96d92a76", [:mix], [{:phoenix_html, "~> 4.0", [hex: :phoenix_html, repo: "hexpm", optional: false]}, {:phoenix_html_helpers, "~> 1.0", [hex: :phoenix_html_helpers, repo: "hexpm", optional: false]}, {:surface, "~> 0.12.0", [hex: :surface, repo: "hexpm", optional: false]}], "hexpm", "3491b2c5e5e2f6f1d004bd989557d8df750bf48cc4660671c31b8b07c44dfc22"},
  "telemetry": {:hex, :telemetry, "1.3.0", "fedebbae410d715cf8e7062c96a1ef32ec22e764197f70cda73d82778d61e7a2", [:rebar3], [], "hexpm", "7015fc8919dbe63764f4b4b87a95b7c0996bd539e0d499be6ec9d7f3875b79e6"},
  "timex": {:hex, :timex, "3.7.11", "bb95cb4eb1d06e27346325de506bcc6c30f9c6dea40d1ebe390b262fad1862d1", [:mix], [{:combine, "~> 0.10", [hex: :combine, repo: "hexpm", optional: false]}, {:gettext, "~> 0.20", [hex: :gettext, repo: "hexpm", optional: false]}, {:tzdata, "~> 1.1", [hex: :tzdata, repo: "hexpm", optional: false]}], "hexpm", "8b9024f7efbabaf9bd7aa04f65cf8dcd7c9818ca5737677c7b76acbc6a94d1aa"},
  "tzdata": {:hex, :tzdata, "1.1.2", "45e5f1fcf8729525ec27c65e163be5b3d247ab1702581a94674e008413eef50b", [:mix], [{:hackney, "~> 1.17", [hex: :hackney, repo: "hexpm", optional: false]}], "hexpm", "cec7b286e608371602318c414f344941d5eb0375e14cfdab605cca2fe66cba8b"},
  "unicode_util_compat": {:hex, :unicode_util_compat, "0.7.0", "bc84380c9ab48177092f43ac89e4dfa2c6d62b40b8bd132b1059ecc7232f9a78", [:rebar3], [], "hexpm", "25eee6d67df61960cf6a794239566599b09e17e668d3700247bc498638152521"},
  "untangle": {:hex, :untangle, "0.3.3", "2788bfab97931392cd48f8faaf7ffc4d0e300c6825394107dfc1d7ba9a472e1a", [:mix], [{:decorator, "~> 1.4", [hex: :decorator, repo: "hexpm", optional: false]}], "hexpm", "47f120e3217ac7210614aae14b68ae17769f19d53d1082259eeddba5f75f015d"},
  "websock": {:hex, :websock, "0.5.3", "2f69a6ebe810328555b6fe5c831a851f485e303a7c8ce6c5f675abeb20ebdadc", [:mix], [], "hexpm", "6105453d7fac22c712ad66fab1d45abdf049868f253cf719b625151460b8b453"},
  "websock_adapter": {:hex, :websock_adapter, "0.5.8", "3b97dc94e407e2d1fc666b2fb9acf6be81a1798a2602294aac000260a7c4a47d", [:mix], [{:bandit, ">= 0.6.0", [hex: :bandit, repo: "hexpm", optional: true]}, {:plug, "~> 1.14", [hex: :plug, repo: "hexpm", optional: false]}, {:plug_cowboy, "~> 2.6", [hex: :plug_cowboy, repo: "hexpm", optional: true]}, {:websock, "~> 0.5", [hex: :websock, repo: "hexpm", optional: false]}], "hexpm", "315b9a1865552212b5f35140ad194e67ce31af45bcee443d4ecb96b5fd3f3782"},
  "zest": {:hex, :zest, "0.1.2", "ddf3a045ee32c6452b8ac050b22da0b2eceae5aaa7d63163fb09e5fbb925fbbe", [:mix], [], "hexpm", "ebe2d6acf615de286e45846a3d6daf72d7c20f2c5eefada6d8a1729256a3974a"},
}
