%{
  "arrows": {:hex, :arrows, "0.1.1", "c414e21173115987578bda1bf35a60cde228a16d7e52d9f6c76e1c8914c22c79", [:mix], [], "hexpm", "ce6de75d7cb43a032e9856826c5bace8f43434ee574e4a6a412f9d3b3931062e"},
  "beam_file": {:hex, :beam_file, "0.5.3", "8ef6b6ab3b2981e5d67c20e635fdddab4b82d96d25fe50c26a259bafed996ead", [:mix], [], "hexpm", "f4722cc3b811b94c4941fa981e25319f7b2ae24495196fcf075208cffb9228e4"},
  "bonfire_common": {:git, "https://github.com/bonfire-networks/bonfire_common", "c608a2c028c743c31b77adb9cc5149f67a9fc746", [branch: "main"]},
  "bonfire_data_edges": {:git, "https://github.com/bonfire-networks/bonfire_data_edges", "e3b678deec7c74a636703a9babf61f03b01ed8f1", [branch: "main"]},
  "bonfire_data_identity": {:git, "https://github.com/bonfire-networks/bonfire_data_identity", "b44b66a6784532087fe37af6c65642da0d5f12b3", [branch: "main"]},
  "bonfire_fail": {:git, "https://github.com/bonfire-networks/bonfire_fail", "9be26fa86a14f80d45367c7b53527b02126a615f", [branch: "main"]},
  "brex_result": {:hex, :brex_result, "0.4.0", "c4f2a4a5b487c3d4cd0c94cef5df596eeae986c1dc7cfe08755efc7e766610eb", [:mix], [], "hexpm", "c221aac71c48727ef55dc56cf845772a54e1db538564280c868eb0595e1e44f8"},
  "castore": {:hex, :castore, "1.0.5", "9eeebb394cc9a0f3ae56b813459f990abb0a3dedee1be6b27fdb50301930502f", [:mix], [], "hexpm", "8d7c597c3e4a64c395980882d4bca3cebb8d74197c590dc272cfd3b6a6310578"},
  "certifi": {:hex, :certifi, "2.12.0", "2d1cca2ec95f59643862af91f001478c9863c2ac9cb6e2f89780bfd8de987329", [:rebar3], [], "hexpm", "ee68d85df22e554040cdb4be100f33873ac6051387baf6a8f6ce82272340ff1c"},
  "chameleon": {:hex, :chameleon, "2.5.0", "102dd809f78701875efd0a203730dd64296a1f2d29c8efa6b00cc029d58ff39e", [:mix], [], "hexpm", "f3559827d8b4fe53a44e19e56ae94bedd36a355e0d33e18067b8abc37ec428db"},
  "cldr_utils": {:hex, :cldr_utils, "2.24.2", "364fa30be55d328e704629568d431eb74cd2f085752b27f8025520b566352859", [:mix], [{:castore, "~> 0.1 or ~> 1.0", [hex: :castore, repo: "hexpm", optional: true]}, {:certifi, "~> 2.5", [hex: :certifi, repo: "hexpm", optional: true]}, {:decimal, "~> 1.9 or ~> 2.0", [hex: :decimal, repo: "hexpm", optional: false]}], "hexpm", "3362b838836a9f0fa309de09a7127e36e67310e797d556db92f71b548832c7cf"},
  "combine": {:hex, :combine, "0.10.0", "eff8224eeb56498a2af13011d142c5e7997a80c8f5b97c499f84c841032e429f", [:mix], [], "hexpm", "1b1dbc1790073076580d0d1d64e42eae2366583e7aecd455d1215b0d16f2451b"},
  "cowboy": {:hex, :cowboy, "2.10.0", "ff9ffeff91dae4ae270dd975642997afe2a1179d94b1887863e43f681a203e26", [:make, :rebar3], [{:cowlib, "2.12.1", [hex: :cowlib, repo: "hexpm", optional: false]}, {:ranch, "1.8.0", [hex: :ranch, repo: "hexpm", optional: false]}], "hexpm", "3afdccb7183cc6f143cb14d3cf51fa00e53db9ec80cdcd525482f5e99bc41d6b"},
  "cowboy_telemetry": {:hex, :cowboy_telemetry, "0.4.0", "f239f68b588efa7707abce16a84d0d2acf3a0f50571f8bb7f56a15865aae820c", [:rebar3], [{:cowboy, "~> 2.7", [hex: :cowboy, repo: "hexpm", optional: false]}, {:telemetry, "~> 1.0", [hex: :telemetry, repo: "hexpm", optional: false]}], "hexpm", "7d98bac1ee4565d31b62d59f8823dfd8356a169e7fcbb83831b8a5397404c9de"},
  "cowlib": {:hex, :cowlib, "2.12.1", "a9fa9a625f1d2025fe6b462cb865881329b5caff8f1854d1cbc9f9533f00e1e1", [:make, :rebar3], [], "hexpm", "163b73f6367a7341b33c794c4e88e7dbfe6498ac42dcd69ef44c5bc5507c8db0"},
  "db_connection": {:hex, :db_connection, "2.6.0", "77d835c472b5b67fc4f29556dee74bf511bbafecdcaf98c27d27fa5918152086", [:mix], [{:telemetry, "~> 0.4 or ~> 1.0", [hex: :telemetry, repo: "hexpm", optional: false]}], "hexpm", "c2f992d15725e721ec7fbc1189d4ecdb8afef76648c746a8e1cad35e3b8a35f3"},
  "decimal": {:hex, :decimal, "2.1.1", "5611dca5d4b2c3dd497dec8f68751f1f1a54755e8ed2a966c2633cf885973ad6", [:mix], [], "hexpm", "53cfe5f497ed0e7771ae1a475575603d77425099ba5faef9394932b35020ffcc"},
  "decorator": {:hex, :decorator, "1.4.0", "a57ac32c823ea7e4e67f5af56412d12b33274661bb7640ec7fc882f8d23ac419", [:mix], [], "hexpm", "0a07cedd9083da875c7418dea95b78361197cf2bf3211d743f6f7ce39656597f"},
  "digital_token": {:hex, :digital_token, "0.6.0", "13e6de581f0b1f6c686f7c7d12ab11a84a7b22fa79adeb4b50eec1a2d278d258", [:mix], [{:cldr_utils, "~> 2.17", [hex: :cldr_utils, repo: "hexpm", optional: false]}, {:jason, "~> 1.0", [hex: :jason, repo: "hexpm", optional: true]}], "hexpm", "2455d626e7c61a128b02a4a8caddb092548c3eb613ac6f6a85e4cbb6caddc4d1"},
  "earmark": {:hex, :earmark, "1.4.46", "8c7287bd3137e99d26ae4643e5b7ef2129a260e3dcf41f251750cb4563c8fb81", [:mix], [], "hexpm", "798d86db3d79964e759ddc0c077d5eb254968ed426399fbf5a62de2b5ff8910a"},
  "ecto": {:hex, :ecto, "3.11.1", "4b4972b717e7ca83d30121b12998f5fcdc62ba0ed4f20fd390f16f3270d85c3e", [:mix], [{:decimal, "~> 2.0", [hex: :decimal, repo: "hexpm", optional: false]}, {:jason, "~> 1.0", [hex: :jason, repo: "hexpm", optional: true]}, {:telemetry, "~> 0.4 or ~> 1.0", [hex: :telemetry, repo: "hexpm", optional: false]}], "hexpm", "ebd3d3772cd0dfcd8d772659e41ed527c28b2a8bde4b00fe03e0463da0f1983b"},
  "ecto_dev_logger": {:hex, :ecto_dev_logger, "0.10.0", "5b3a3900b845e0d40127bed9bdf9d02bf20aa38198a60fe108cddff63ed0048f", [:mix], [{:ecto, "~> 3.7", [hex: :ecto, repo: "hexpm", optional: false]}, {:jason, "~> 1.0", [hex: :jason, repo: "hexpm", optional: false]}], "hexpm", "a55e58bad5d5c9b8ef2a3c3347dbdf7efa880a5371cf1457e44b41f489a43927"},
  "ecto_shorts": {:git, "https://github.com/bonfire-networks/ecto_shorts", "df0b0cc301616da9ea47131b425ca4a06d3e78cf", [branch: "refactor/attempt1"]},
  "ecto_sparkles": {:hex, :ecto_sparkles, "0.1.3", "0efb937bb8922a23f83d728ee357c12200a98936aa8d0799f3113083f2d0391e", [:mix], [{:ecto, "~> 3.8", [hex: :ecto, repo: "hexpm", optional: false]}, {:ecto_dev_logger, "~> 0.9", [hex: :ecto_dev_logger, repo: "hexpm", optional: false]}, {:ecto_sql, "~> 3.8", [hex: :ecto_sql, repo: "hexpm", optional: false]}, {:html_sanitize_ex, "~> 1.4.2", [hex: :html_sanitize_ex, repo: "hexpm", optional: true]}, {:recase, "~> 0.7", [hex: :recase, repo: "hexpm", optional: false]}, {:untangle, "~> 0.3", [hex: :untangle, repo: "hexpm", optional: false]}], "hexpm", "ca65b2216eeba8fc5d8019cabb7a77fb238cae2293d45bd18984b312f27b71c7"},
  "ecto_sql": {:hex, :ecto_sql, "3.11.1", "e9abf28ae27ef3916b43545f9578b4750956ccea444853606472089e7d169470", [:mix], [{:db_connection, "~> 2.4.1 or ~> 2.5", [hex: :db_connection, repo: "hexpm", optional: false]}, {:ecto, "~> 3.11.0", [hex: :ecto, repo: "hexpm", optional: false]}, {:myxql, "~> 0.6.0", [hex: :myxql, repo: "hexpm", optional: true]}, {:postgrex, "~> 0.16.0 or ~> 0.17.0 or ~> 1.0", [hex: :postgrex, repo: "hexpm", optional: true]}, {:tds, "~> 2.1.1 or ~> 2.2", [hex: :tds, repo: "hexpm", optional: true]}, {:telemetry, "~> 0.4.0 or ~> 1.0", [hex: :telemetry, repo: "hexpm", optional: false]}], "hexpm", "ce14063ab3514424276e7e360108ad6c2308f6d88164a076aac8a387e1fea634"},
  "ex_cldr": {:hex, :ex_cldr, "2.37.5", "9da6d97334035b961d2c2de167dc6af8cd3e09859301a5b8f49f90bd8b034593", [:mix], [{:cldr_utils, "~> 2.21", [hex: :cldr_utils, repo: "hexpm", optional: false]}, {:decimal, "~> 1.6 or ~> 2.0", [hex: :decimal, repo: "hexpm", optional: false]}, {:gettext, "~> 0.19", [hex: :gettext, repo: "hexpm", optional: true]}, {:jason, "~> 1.0", [hex: :jason, repo: "hexpm", optional: true]}, {:nimble_parsec, "~> 0.5 or ~> 1.0", [hex: :nimble_parsec, repo: "hexpm", optional: true]}], "hexpm", "74ad5ddff791112ce4156382e171a5f5d3766af9d5c4675e0571f081fe136479"},
  "ex_cldr_calendars": {:hex, :ex_cldr_calendars, "1.23.0", "b18d62e23d74f7b4ce567e53dc91f900ea7ebb81a48565b4415554b8bdd3676c", [:mix], [{:calendar_interval, "~> 0.2", [hex: :calendar_interval, repo: "hexpm", optional: true]}, {:ex_cldr_lists, "~> 2.10", [hex: :ex_cldr_lists, repo: "hexpm", optional: true]}, {:ex_cldr_numbers, "~> 2.31", [hex: :ex_cldr_numbers, repo: "hexpm", optional: false]}, {:ex_cldr_units, "~> 3.16", [hex: :ex_cldr_units, repo: "hexpm", optional: true]}, {:ex_doc, "~> 0.21", [hex: :ex_doc, repo: "hexpm", optional: true]}, {:jason, "~> 1.0", [hex: :jason, repo: "hexpm", optional: false]}], "hexpm", "06d2407e699032d5cdc515593b7ce7869f10ce28e98a4ed68d9b21e5001036d4"},
  "ex_cldr_currencies": {:hex, :ex_cldr_currencies, "2.15.1", "e92ba17c41e7405b7784e0e65f406b5f17cfe313e0e70de9befd653e12854822", [:mix], [{:ex_cldr, "~> 2.34", [hex: :ex_cldr, repo: "hexpm", optional: false]}, {:jason, "~> 1.0", [hex: :jason, repo: "hexpm", optional: true]}], "hexpm", "31df8bd37688340f8819bdd770eb17d659652078d34db632b85d4a32864d6a25"},
  "ex_cldr_dates_times": {:hex, :ex_cldr_dates_times, "2.16.0", "d9848a5de83b6f1bcba151cc43d63b5c6311813cd605b1df1afd896dfdd21001", [:mix], [{:calendar_interval, "~> 0.2", [hex: :calendar_interval, repo: "hexpm", optional: true]}, {:ex_cldr_calendars, "~> 1.22", [hex: :ex_cldr_calendars, repo: "hexpm", optional: false]}, {:ex_cldr_numbers, "~> 2.31", [hex: :ex_cldr_numbers, repo: "hexpm", optional: false]}, {:jason, "~> 1.0", [hex: :jason, repo: "hexpm", optional: true]}, {:tz, "~> 0.26", [hex: :tz, repo: "hexpm", optional: true]}], "hexpm", "0f2f250d479cadda4e0ef3a5e3d936ae7ba1a3f1199db6791e284e86203495b1"},
  "ex_cldr_languages": {:hex, :ex_cldr_languages, "0.3.3", "9787002803552b15a7ade19496c9e46fc921baca992ea80d0394e11fe3acea45", [:mix], [{:ex_cldr, "~> 2.25", [hex: :ex_cldr, repo: "hexpm", optional: false]}, {:jason, "~> 1.0", [hex: :jason, repo: "hexpm", optional: true]}], "hexpm", "22fb1fef72b7b4b4872d243b34e7b83734247a78ad87377986bf719089cc447a"},
  "ex_cldr_lists": {:hex, :ex_cldr_lists, "2.10.2", "c8dbb3324ca35cea3679a96f4c774cdf4bdd425786a44c4f52aacb57a0cee446", [:mix], [{:ex_cldr_numbers, "~> 2.25", [hex: :ex_cldr_numbers, repo: "hexpm", optional: false]}, {:ex_doc, "~> 0.18", [hex: :ex_doc, repo: "hexpm", optional: true]}, {:jason, "~> 1.0", [hex: :jason, repo: "hexpm", optional: true]}], "hexpm", "0cc2124eccffa5438045c2504dd3365490b64065131f58ecc27f344db1edb4b8"},
  "ex_cldr_numbers": {:hex, :ex_cldr_numbers, "2.32.4", "5562148dfc631b04712983975093d2aac29df30b3bf2f7257e0c94b85b72e91b", [:mix], [{:decimal, "~> 1.6 or ~> 2.0", [hex: :decimal, repo: "hexpm", optional: false]}, {:digital_token, "~> 0.3 or ~> 1.0", [hex: :digital_token, repo: "hexpm", optional: false]}, {:ex_cldr, "~> 2.37", [hex: :ex_cldr, repo: "hexpm", optional: false]}, {:ex_cldr_currencies, ">= 2.14.2", [hex: :ex_cldr_currencies, repo: "hexpm", optional: false]}, {:jason, "~> 1.0", [hex: :jason, repo: "hexpm", optional: true]}], "hexpm", "6fd5a82f0785418fa8b698c0be2b1845dff92b77f1b3172c763d37868fb503d2"},
  "ex_cldr_plugs": {:hex, :ex_cldr_plugs, "1.3.1", "ae58748df815ad21b8618830374a28b2ab593230e5df70ed9f647e953a884bec", [:mix], [{:ex_cldr, "~> 2.37", [hex: :ex_cldr, repo: "hexpm", optional: false]}, {:gettext, "~> 0.19", [hex: :gettext, repo: "hexpm", optional: true]}, {:jason, "~> 1.0", [hex: :jason, repo: "hexpm", optional: true]}, {:plug, "~> 1.9", [hex: :plug, repo: "hexpm", optional: false]}], "hexpm", "4f7b4a5fe061734cef7b62ff29118ed6ac72698cdd7bcfc97495db73611fe0fe"},
  "ex_cldr_units": {:hex, :ex_cldr_units, "3.16.4", "fee054e9ebed40ef05cbb405cb0c7e7c9fda201f8f03ec0d1e54e879af413246", [:mix], [{:cldr_utils, "~> 2.24", [hex: :cldr_utils, repo: "hexpm", optional: false]}, {:decimal, "~> 1.6 or ~> 2.0", [hex: :decimal, repo: "hexpm", optional: false]}, {:ex_cldr_lists, "~> 2.10", [hex: :ex_cldr_lists, repo: "hexpm", optional: false]}, {:ex_cldr_numbers, "~> 2.31", [hex: :ex_cldr_numbers, repo: "hexpm", optional: false]}, {:ex_doc, "~> 0.18", [hex: :ex_doc, repo: "hexpm", optional: true]}, {:jason, "~> 1.0", [hex: :jason, repo: "hexpm", optional: true]}], "hexpm", "7c15c6357dd555a5bc6c72fdeb243e4706a04065753dbd2f40150f062ca996c7"},
  "ex_ulid": {:hex, :ex_ulid, "0.1.0", "e6e717c57344f6e500d0190ccb4edc862b985a3680f15834af992ec065d4dcff", [:mix], [], "hexpm", "a2befd477aebc4639563de7e233e175cacf8a8f42c8f6778c88d60c13bf20860"},
  "expo": {:hex, :expo, "0.5.2", "beba786aab8e3c5431813d7a44b828e7b922bfa431d6bfbada0904535342efe2", [:mix], [], "hexpm", "8c9bfa06ca017c9cb4020fabe980bc7fdb1aaec059fd004c2ab3bff03b1c599c"},
  "exto": {:hex, :exto, "0.3.0", "434fb795e5b2ea59d726345f8922ad05a0859036c6943f9560720534ae52846d", [:mix], [{:ecto, "~> 3.0", [hex: :ecto, repo: "hexpm", optional: false]}], "hexpm", "b6ad14306b3ff1d772a64ac245e4b8c9e348e570550826e6e1de1e4f49aae05c"},
  "faker": {:hex, :faker, "0.17.0", "671019d0652f63aefd8723b72167ecdb284baf7d47ad3a82a15e9b8a6df5d1fa", [:mix], [], "hexpm", "a7d4ad84a93fd25c5f5303510753789fc2433ff241bf3b4144d3f6f291658a6a"},
  "file_system": {:hex, :file_system, "0.2.10", "fb082005a9cd1711c05b5248710f8826b02d7d1784e7c3451f9c1231d4fc162d", [:mix], [], "hexpm", "41195edbfb562a593726eda3b3e8b103a309b733ad25f3d642ba49696bf715dc"},
  "floki": {:hex, :floki, "0.33.1", "f20f1eb471e726342b45ccb68edb9486729e7df94da403936ea94a794f072781", [:mix], [{:html_entities, "~> 0.5.0", [hex: :html_entities, repo: "hexpm", optional: false]}], "hexpm", "461035fd125f13fdf30f243c85a0b1e50afbec876cbf1ceefe6fddd2e6d712c6"},
  "gettext": {:hex, :gettext, "0.24.0", "6f4d90ac5f3111673cbefc4ebee96fe5f37a114861ab8c7b7d5b30a1108ce6d8", [:mix], [{:expo, "~> 0.5.1", [hex: :expo, repo: "hexpm", optional: false]}], "hexpm", "bdf75cdfcbe9e4622dd18e034b227d77dd17f0f133853a1c73b97b3d6c770e8b"},
  "git_diff": {:hex, :git_diff, "0.6.4", "ec53ebf8bf83b4527d938d6433e3686b47a3e2a23135a21038f76736c16bb6e0", [:mix], [], "hexpm", "9e05563c136c91e960a306fd296156b2e8d74e294ae60961e69a36e118023a5f"},
  "hackney": {:hex, :hackney, "1.20.1", "8d97aec62ddddd757d128bfd1df6c5861093419f8f7a4223823537bad5d064e2", [:rebar3], [{:certifi, "~> 2.12.0", [hex: :certifi, repo: "hexpm", optional: false]}, {:idna, "~> 6.1.0", [hex: :idna, repo: "hexpm", optional: false]}, {:metrics, "~> 1.0.0", [hex: :metrics, repo: "hexpm", optional: false]}, {:mimerl, "~> 1.1", [hex: :mimerl, repo: "hexpm", optional: false]}, {:parse_trans, "3.4.1", [hex: :parse_trans, repo: "hexpm", optional: false]}, {:ssl_verify_fun, "~> 1.1.0", [hex: :ssl_verify_fun, repo: "hexpm", optional: false]}, {:unicode_util_compat, "~> 0.7.0", [hex: :unicode_util_compat, repo: "hexpm", optional: false]}], "hexpm", "fe9094e5f1a2a2c0a7d10918fee36bfec0ec2a979994cff8cfe8058cd9af38e3"},
  "html_entities": {:hex, :html_entities, "0.5.2", "9e47e70598da7de2a9ff6af8758399251db6dbb7eebe2b013f2bbd2515895c3c", [:mix], [], "hexpm", "c53ba390403485615623b9531e97696f076ed415e8d8058b1dbaa28181f4fdcc"},
  "html_sanitize_ex": {:hex, :html_sanitize_ex, "1.4.3", "67b3d9fa8691b727317e0cc96b9b3093be00ee45419ffb221cdeee88e75d1360", [:mix], [{:mochiweb, "~> 2.15 or ~> 3.1", [hex: :mochiweb, repo: "hexpm", optional: false]}], "hexpm", "87748d3c4afe949c7c6eb7150c958c2bcba43fc5b2a02686af30e636b74bccb7"},
  "iconify_ex": {:git, "https://github.com/bonfire-networks/iconify_ex", "33460af59a018d758371149d4a678fd683aeab31", [branch: "main"]},
  "idna": {:hex, :idna, "6.1.1", "8a63070e9f7d0c62eb9d9fcb360a7de382448200fbbd1b106cc96d3d8099df8d", [:rebar3], [{:unicode_util_compat, "~> 0.7.0", [hex: :unicode_util_compat, repo: "hexpm", optional: false]}], "hexpm", "92376eb7894412ed19ac475e4a86f7b413c1b9fbb5bd16dccd57934157944cea"},
  "jason": {:hex, :jason, "1.4.1", "af1504e35f629ddcdd6addb3513c3853991f694921b1b9368b0bd32beb9f1b63", [:mix], [{:decimal, "~> 1.0 or ~> 2.0", [hex: :decimal, repo: "hexpm", optional: true]}], "hexpm", "fbb01ecdfd565b56261302f7e1fcc27c4fb8f32d56eab74db621fc154604a7a1"},
  "json_serde": {:hex, :json_serde, "1.1.0", "d1646480e496405d5d9aa4ec54ed72189dcede25c1f4459943ff39ab7517e808", [:mix], [{:brex_result, "~> 0.4.0", [hex: :brex_result, repo: "hexpm", optional: false]}, {:decimal, "~> 2.0", [hex: :decimal, repo: "hexpm", optional: false]}, {:jason, "~> 1.3", [hex: :jason, repo: "hexpm", optional: false]}], "hexpm", "a2616f7cef85df1e95cd960f38904716c690e3e8b755067abadf63910b4deecc"},
  "live_select": {:hex, :live_select, "1.3.1", "aa66189db7d866ae86c372fecb58ca1ec95ac3337b3927c0e1c07adb384b949e", [:mix], [{:jason, "~> 1.0", [hex: :jason, repo: "hexpm", optional: false]}, {:phoenix, ">= 1.6.0", [hex: :phoenix, repo: "hexpm", optional: true]}, {:phoenix_html, "~> 3.3", [hex: :phoenix_html, repo: "hexpm", optional: false]}, {:phoenix_live_view, "~> 0.19", [hex: :phoenix_live_view, repo: "hexpm", optional: false]}], "hexpm", "65afac1d35c614bc7e09f6aaf1f811f564e6053e2d3789ff4730902e69685332"},
  "makeup": {:hex, :makeup, "1.1.1", "fa0bc768698053b2b3869fa8a62616501ff9d11a562f3ce39580d60860c3a55e", [:mix], [{:nimble_parsec, "~> 1.2.2 or ~> 1.3", [hex: :nimble_parsec, repo: "hexpm", optional: false]}], "hexpm", "5dc62fbdd0de44de194898b6710692490be74baa02d9d108bc29f007783b0b48"},
  "makeup_diff": {:hex, :makeup_diff, "0.1.0", "5be352b6aa6f07fa6a236e3efd7ba689a03f28fb5d35b7a0fa0a1e4a64f6d8bb", [:mix], [{:makeup, "~> 1.0", [hex: :makeup, repo: "hexpm", optional: false]}], "hexpm", "186bad5bb433a8afeb16b01423950e440072284a4103034ca899180343b9b4ac"},
  "makeup_eex": {:hex, :makeup_eex, "0.1.1", "89352d5da318d97ae27bbcc87201f274504d2b71ede58ca366af6a5fbed9508d", [:mix], [{:makeup, "~> 1.0", [hex: :makeup, repo: "hexpm", optional: false]}, {:makeup_elixir, "~> 0.16", [hex: :makeup_elixir, repo: "hexpm", optional: false]}, {:makeup_html, "~> 0.1.0", [hex: :makeup_html, repo: "hexpm", optional: false]}, {:nimble_parsec, "~> 1.2", [hex: :nimble_parsec, repo: "hexpm", optional: false]}], "hexpm", "d111a0994eaaab09ef1a4b3b313ef806513bb4652152c26c0d7ca2be8402a964"},
  "makeup_elixir": {:hex, :makeup_elixir, "0.16.1", "cc9e3ca312f1cfeccc572b37a09980287e243648108384b97ff2b76e505c3555", [:mix], [{:makeup, "~> 1.0", [hex: :makeup, repo: "hexpm", optional: false]}, {:nimble_parsec, "~> 1.2.3 or ~> 1.3", [hex: :nimble_parsec, repo: "hexpm", optional: false]}], "hexpm", "e127a341ad1b209bd80f7bd1620a15693a9908ed780c3b763bccf7d200c767c6"},
  "makeup_erlang": {:hex, :makeup_erlang, "0.1.4", "29563475afa9b8a2add1b7a9c8fb68d06ca7737648f28398e04461f008b69521", [:mix], [{:makeup, "~> 1.0", [hex: :makeup, repo: "hexpm", optional: false]}], "hexpm", "f4ed47ecda66de70dd817698a703f8816daa91272e7e45812469498614ae8b29"},
  "makeup_graphql": {:hex, :makeup_graphql, "0.1.2", "81e2939aab6d2b81d39ee5d9e13fae02599e9ca6e1152e0eeed737a98a5f96aa", [:mix], [{:makeup, "~> 1.0", [hex: :makeup, repo: "hexpm", optional: false]}, {:nimble_parsec, "~> 1.1", [hex: :nimble_parsec, repo: "hexpm", optional: false]}], "hexpm", "3390ab04ba388d52a94bbe64ef62aa4d7923ceaffac43ec948f58f631440e8fb"},
  "makeup_html": {:hex, :makeup_html, "0.1.1", "c3d4abd39d5f7e925faca72ada6e9cc5c6f5fa7cd5bc0158315832656cf14d7f", [:mix], [{:makeup, "~> 1.0", [hex: :makeup, repo: "hexpm", optional: false]}], "hexpm", "44f2a61bc5243645dd7fafeaa6cc28793cd22f3c76b861e066168f9a5b2c26a4"},
  "makeup_js": {:hex, :makeup_js, "0.1.0", "ffa8ce9db95d14dcd09045334539d5992d540d63598c592d4805b7674bdd6675", [:mix], [{:makeup, "~> 1.0", [hex: :makeup, repo: "hexpm", optional: false]}], "hexpm", "3f0c1a5eb52c9737b1679c926574e83bb260ccdedf08b58ee96cca7c685dea75"},
  "makeup_json": {:hex, :makeup_json, "0.1.0", "ea8b7b45a95d7e74e4907a9d12669b05b6858ed90d0a5fc3412b26623f9aa7af", [:mix], [{:makeup, "~> 1.0", [hex: :makeup, repo: "hexpm", optional: false]}, {:nimble_parsec, "~> 1.1", [hex: :nimble_parsec, repo: "hexpm", optional: false]}], "hexpm", "7b79e8bf88ca9e2f7757c167feac2385479e1b773f37390b8e1b8ff014d4e7ca"},
  "makeup_sql": {:hex, :makeup_sql, "0.1.1", "e800f13e73c12dce5458f3121340fe9c59da6ddad885c72b9578bc96ce72be64", [:mix], [{:makeup, "~> 1.0", [hex: :makeup, repo: "hexpm", optional: false]}, {:nimble_parsec, "~> 1.1", [hex: :nimble_parsec, repo: "hexpm", optional: false]}], "hexpm", "27386d0d995b72ef2f094975c87491933f2b7014350f20024dd2e15dc85d5381"},
  "metrics": {:hex, :metrics, "1.0.1", "25f094dea2cda98213cecc3aeff09e940299d950904393b2a29d191c346a8486", [:rebar3], [], "hexpm", "69b09adddc4f74a40716ae54d140f93beb0fb8978d8636eaded0c31b6f099f16"},
  "mime": {:hex, :mime, "2.0.5", "dc34c8efd439abe6ae0343edbb8556f4d63f178594894720607772a041b04b02", [:mix], [], "hexpm", "da0d64a365c45bc9935cc5c8a7fc5e49a0e0f9932a761c55d6c52b142780a05c"},
  "mimerl": {:hex, :mimerl, "1.2.0", "67e2d3f571088d5cfd3e550c383094b47159f3eee8ffa08e64106cdf5e981be3", [:rebar3], [], "hexpm", "f278585650aa581986264638ebf698f8bb19df297f66ad91b18910dfc6e19323"},
  "mochiweb": {:hex, :mochiweb, "3.2.1", "ff287e1ec653a0828f226cd5a009d52be74537dc3fc274b765525a77ce01f8ec", [:rebar3], [], "hexpm", "975466d335403a78cd58186636b8e960e3c84c4d9c1a85eb7fe53b6a5dd54de7"},
  "needle": {:hex, :needle, "0.7.1", "2272843b615d38ce7c9e549dd2f8784ee9b850aef846031114e0fd64bfee73de", [:mix], [{:ecto_sql, "~> 3.8", [hex: :ecto_sql, repo: "hexpm", optional: false]}, {:exto, "~> 0.3", [hex: :exto, repo: "hexpm", optional: false]}, {:needle_ulid, "~> 0.3", [hex: :needle_ulid, repo: "hexpm", optional: false]}, {:telemetry, "~> 0.4 or ~> 1.0", [hex: :telemetry, repo: "hexpm", optional: false]}], "hexpm", "4238739f377c885d71958da02512636e38a020042e8f2a580b3c4fc0e8a3a408"},
  "needle_ulid": {:hex, :needle_ulid, "0.3.0", "7ecccec131c5218ec7cf5f8a236c016f436e78dfd684204de9f66c40271e7e04", [:mix], [{:ecto, "~> 3.4", [hex: :ecto, repo: "hexpm", optional: false]}, {:ecto_sql, "~> 3.8", [hex: :ecto_sql, repo: "hexpm", optional: true]}, {:ex_ulid, "~> 0.1", [hex: :ex_ulid, repo: "hexpm", optional: false]}], "hexpm", "d54d0dc5267b3ba3a7f981060b329bc8fb1f55104d790e54d808c8a5f4cb3e93"},
  "nimble_parsec": {:hex, :nimble_parsec, "1.4.0", "51f9b613ea62cfa97b25ccc2c1b4216e81df970acd8e16e8d1bdc58fef21370d", [:mix], [], "hexpm", "9c565862810fb383e9838c1dd2d7d2c437b3d13b267414ba6af33e50d2d1cf28"},
  "opentelemetry_api": {:hex, :opentelemetry_api, "1.2.2", "693f47b0d8c76da2095fe858204cfd6350c27fe85d00e4b763deecc9588cf27a", [:mix, :rebar3], [{:opentelemetry_semantic_conventions, "~> 0.2", [hex: :opentelemetry_semantic_conventions, repo: "hexpm", optional: false]}], "hexpm", "dc77b9a00f137a858e60a852f14007bb66eda1ffbeb6c05d5fe6c9e678b05e9d"},
  "opentelemetry_semantic_conventions": {:hex, :opentelemetry_semantic_conventions, "0.2.0", "b67fe459c2938fcab341cb0951c44860c62347c005ace1b50f8402576f241435", [:mix, :rebar3], [], "hexpm", "d61fa1f5639ee8668d74b527e6806e0503efc55a42db7b5f39939d84c07d6895"},
  "paginator": {:git, "https://github.com/bonfire-networks/paginator", "11f284a17ee2c04633040a66545fa176bd499d78", [branch: "main"]},
  "parse_trans": {:hex, :parse_trans, "3.4.1", "6e6aa8167cb44cc8f39441d05193be6e6f4e7c2946cb2759f015f8c56b76e5ff", [:rebar3], [], "hexpm", "620a406ce75dada827b82e453c19cf06776be266f5a67cff34e1ef2cbb60e49a"},
  "phoenix": {:hex, :phoenix, "1.7.11", "1d88fc6b05ab0c735b250932c4e6e33bfa1c186f76dcf623d8dd52f07d6379c7", [:mix], [{:castore, ">= 0.0.0", [hex: :castore, repo: "hexpm", optional: false]}, {:jason, "~> 1.0", [hex: :jason, repo: "hexpm", optional: true]}, {:phoenix_pubsub, "~> 2.1", [hex: :phoenix_pubsub, repo: "hexpm", optional: false]}, {:phoenix_template, "~> 1.0", [hex: :phoenix_template, repo: "hexpm", optional: false]}, {:phoenix_view, "~> 2.0", [hex: :phoenix_view, repo: "hexpm", optional: true]}, {:plug, "~> 1.14", [hex: :plug, repo: "hexpm", optional: false]}, {:plug_cowboy, "~> 2.7", [hex: :plug_cowboy, repo: "hexpm", optional: true]}, {:plug_crypto, "~> 1.2 or ~> 2.0", [hex: :plug_crypto, repo: "hexpm", optional: false]}, {:telemetry, "~> 0.4 or ~> 1.0", [hex: :telemetry, repo: "hexpm", optional: false]}, {:websock_adapter, "~> 0.5.3", [hex: :websock_adapter, repo: "hexpm", optional: false]}], "hexpm", "b1ec57f2e40316b306708fe59b92a16b9f6f4bf50ccfa41aa8c7feb79e0ec02a"},
  "phoenix_html": {:hex, :phoenix_html, "3.3.3", "380b8fb45912b5638d2f1d925a3771b4516b9a78587249cabe394e0a5d579dc9", [:mix], [{:plug, "~> 1.5", [hex: :plug, repo: "hexpm", optional: true]}], "hexpm", "923ebe6fec6e2e3b3e569dfbdc6560de932cd54b000ada0208b5f45024bdd76c"},
  "phoenix_live_favicon": {:hex, :phoenix_live_favicon, "0.2.0", "989522f5e6b9fed090b506de8c3cf65ba5cfa0210679c42cd7a44492c9b10ceb", [:mix], [{:phoenix_live_head, "~> 0.2.0", [hex: :phoenix_live_head, repo: "hexpm", optional: false]}], "hexpm", "136121d68b30f9344214d37feebf88ee63f1a1948a33251ac80c706cfa7da79e"},
  "phoenix_live_head": {:hex, :phoenix_live_head, "0.2.2", "c0a07ee5b6a281ebd7539a8839d49e4471bc7f4eac6e8b48928f4379908e8f46", [:mix], [{:ex_doc, ">= 0.27.0", [hex: :ex_doc, repo: "hexpm", optional: true]}, {:jason, ">= 1.0.0", [hex: :jason, repo: "hexpm", optional: true]}, {:phoenix, ">= 1.6.0", [hex: :phoenix, repo: "hexpm", optional: false]}, {:phoenix_html, ">= 3.1.0", [hex: :phoenix_html, repo: "hexpm", optional: false]}, {:phoenix_live_view, ">= 0.17.0", [hex: :phoenix_live_view, repo: "hexpm", optional: false]}], "hexpm", "fdfe3dc85499f7cc277b8d2c973fb50fbde9748cc56664fbe7b9ada8712dba19"},
  "phoenix_live_reload": {:hex, :phoenix_live_reload, "1.4.1", "2aff698f5e47369decde4357ba91fc9c37c6487a512b41732818f2204a8ef1d3", [:mix], [{:file_system, "~> 0.2.1 or ~> 0.3", [hex: :file_system, repo: "hexpm", optional: false]}, {:phoenix, "~> 1.4", [hex: :phoenix, repo: "hexpm", optional: false]}], "hexpm", "9bffb834e7ddf08467fe54ae58b5785507aaba6255568ae22b4d46e2bb3615ab"},
  "phoenix_live_view": {:hex, :phoenix_live_view, "0.20.9", "46d5d436d3f8ff97f066b6c45528fd842a711fd3875b2d3f706b2e769ea07c51", [:mix], [{:jason, "~> 1.0", [hex: :jason, repo: "hexpm", optional: true]}, {:phoenix, "~> 1.6.15 or ~> 1.7.0", [hex: :phoenix, repo: "hexpm", optional: false]}, {:phoenix_html, "~> 3.3 or ~> 4.0", [hex: :phoenix_html, repo: "hexpm", optional: false]}, {:phoenix_template, "~> 1.0", [hex: :phoenix_template, repo: "hexpm", optional: false]}, {:phoenix_view, "~> 2.0", [hex: :phoenix_view, repo: "hexpm", optional: true]}, {:plug, "~> 1.15", [hex: :plug, repo: "hexpm", optional: false]}, {:telemetry, "~> 0.4.2 or ~> 1.0", [hex: :telemetry, repo: "hexpm", optional: false]}], "hexpm", "694388615ece21b70c523910cba1c633132b08a270caaf60100dd4eaf331885d"},
  "phoenix_pubsub": {:hex, :phoenix_pubsub, "2.1.3", "3168d78ba41835aecad272d5e8cd51aa87a7ac9eb836eabc42f6e57538e3731d", [:mix], [], "hexpm", "bba06bc1dcfd8cb086759f0edc94a8ba2bc8896d5331a1e2c2902bf8e36ee502"},
  "phoenix_seo": {:hex, :phoenix_seo, "0.1.9", "afdfc02e891e9e3ff731f0f65e1b2ded197a7fb053ca0de3e5e38e6792323616", [:mix], [{:phoenix_live_view, "~> 0.18", [hex: :phoenix_live_view, repo: "hexpm", optional: false]}], "hexpm", "597189734301fabb06784fcb8d4f96f5e454bd2b48015f4aafd095d4f953a90f"},
  "phoenix_template": {:hex, :phoenix_template, "1.0.4", "e2092c132f3b5e5b2d49c96695342eb36d0ed514c5b252a77048d5969330d639", [:mix], [{:phoenix_html, "~> 2.14.2 or ~> 3.0 or ~> 4.0", [hex: :phoenix_html, repo: "hexpm", optional: true]}], "hexpm", "2c0c81f0e5c6753faf5cca2f229c9709919aba34fab866d3bc05060c9c444206"},
  "phoenix_test": {:hex, :phoenix_test, "0.2.7", "cd48b37908fc191658bf7045566fb1f591db5f52a127571fe355e9aa576536cb", [:mix], [{:floki, ">= 0.30.0", [hex: :floki, repo: "hexpm", optional: false]}, {:jason, "~> 1.4", [hex: :jason, repo: "hexpm", optional: false]}, {:phoenix, "~> 1.7.10", [hex: :phoenix, repo: "hexpm", optional: false]}, {:phoenix_live_view, "~> 0.20.1", [hex: :phoenix_live_view, repo: "hexpm", optional: false]}], "hexpm", "98b2eff4bf3db2d9b873b86c0ddccdd807989d8fe2bfc142f3743d8113e353c9"},
  "phoenix_view": {:hex, :phoenix_view, "2.0.3", "4d32c4817fce933693741deeb99ef1392619f942633dde834a5163124813aad3", [:mix], [{:phoenix_html, "~> 2.14.2 or ~> 3.0 or ~> 4.0", [hex: :phoenix_html, repo: "hexpm", optional: true]}, {:phoenix_template, "~> 1.0", [hex: :phoenix_template, repo: "hexpm", optional: false]}], "hexpm", "cd34049af41be2c627df99cd4eaa71fc52a328c0c3d8e7d4aa28f880c30e7f64"},
  "plug": {:hex, :plug, "1.15.3", "712976f504418f6dff0a3e554c40d705a9bcf89a7ccef92fc6a5ef8f16a30a97", [:mix], [{:mime, "~> 1.0 or ~> 2.0", [hex: :mime, repo: "hexpm", optional: false]}, {:plug_crypto, "~> 1.1.1 or ~> 1.2 or ~> 2.0", [hex: :plug_crypto, repo: "hexpm", optional: false]}, {:telemetry, "~> 0.4.3 or ~> 1.0", [hex: :telemetry, repo: "hexpm", optional: false]}], "hexpm", "cc4365a3c010a56af402e0809208873d113e9c38c401cabd88027ef4f5c01fd2"},
  "plug_attack": {:hex, :plug_attack, "0.4.3", "88e6c464d68b1491aa083a0347d59d58ba71a7e591a7f8e1b675e8c7792a0ba8", [:mix], [{:plug, "~> 1.0", [hex: :plug, repo: "hexpm", optional: false]}], "hexpm", "9ed6fb8a6f613a36040f2875130a21187126c5625092f24bc851f7f12a8cbdc1"},
  "plug_cowboy": {:hex, :plug_cowboy, "2.7.0", "3ae9369c60641084363b08fe90267cbdd316df57e3557ea522114b30b63256ea", [:mix], [{:cowboy, "~> 2.7.0 or ~> 2.8.0 or ~> 2.9.0 or ~> 2.10.0", [hex: :cowboy, repo: "hexpm", optional: false]}, {:cowboy_telemetry, "~> 0.3", [hex: :cowboy_telemetry, repo: "hexpm", optional: false]}, {:plug, "~> 1.14", [hex: :plug, repo: "hexpm", optional: false]}], "hexpm", "d85444fb8aa1f2fc62eabe83bbe387d81510d773886774ebdcb429b3da3c1a4a"},
  "plug_crypto": {:hex, :plug_crypto, "2.0.0", "77515cc10af06645abbfb5e6ad7a3e9714f805ae118fa1a70205f80d2d70fe73", [:mix], [], "hexpm", "53695bae57cc4e54566d993eb01074e4d894b65a3766f1c43e2c61a1b0f45ea9"},
  "plug_early_hints": {:hex, :plug_early_hints, "0.1.0", "e12972febafbaabac081db9d8db54ae46e8c544085032a2ab12853d69a8ccd83", [:mix], [{:plug, "~> 1.11", [hex: :plug, repo: "hexpm", optional: false]}], "hexpm", "f4167b2daecbe39af40718fe0907899f34ef9f19ea11fb184a4732b18dc70e3c"},
  "ranch": {:hex, :ranch, "1.8.0", "8c7a100a139fd57f17327b6413e4167ac559fbc04ca7448e9be9057311597a1d", [:make, :rebar3], [], "hexpm", "49fbcfd3682fab1f5d109351b61257676da1a2fdbe295904176d5e521a2ddfe5"},
  "recase": {:hex, :recase, "0.7.0", "3f2f719f0886c7a3b7fe469058ec539cb7bbe0023604ae3bce920e186305e5ae", [:mix], [], "hexpm", "36f5756a9f552f4a94b54a695870e32f4e72d5fad9c25e61bc4a3151c08a4e0c"},
  "remote_ip": {:hex, :remote_ip, "1.1.0", "cb308841595d15df3f9073b7c39243a1dd6ca56e5020295cb012c76fbec50f2d", [:mix], [{:combine, "~> 0.10", [hex: :combine, repo: "hexpm", optional: false]}, {:plug, "~> 1.14", [hex: :plug, repo: "hexpm", optional: false]}], "hexpm", "616ffdf66aaad6a72fc546dabf42eed87e2a99e97b09cbd92b10cc180d02ed74"},
  "solid": {:hex, :solid, "0.15.2", "6921af98a3a862041bb6af72b5f6e094dbf0242366b142f98a92cabe4ed30d2a", [:mix], [{:nimble_parsec, "~> 1.0", [hex: :nimble_parsec, repo: "hexpm", optional: false]}], "hexpm", "18b062b04948b7f7b99ac4a9360681dac7e0bd142df5e62a7761696c7384be45"},
  "sourceror": {:hex, :sourceror, "1.0.1", "ec2c41726d181adce888ac94b3f33b359a811b46e019c084509e02c70042e424", [:mix], [], "hexpm", "28225464ffd68bda1843c974f3ff7ccef35e29be09a65dfe8e3df3f7e3600c57"},
  "ssl_verify_fun": {:hex, :ssl_verify_fun, "1.1.7", "354c321cf377240c7b8716899e182ce4890c5938111a1296add3ec74cf1715df", [:make, :mix, :rebar3], [], "hexpm", "fe4c190e8f37401d30167c8c405eda19469f34577987c76dde613e838bbc67f8"},
  "surface": {:hex, :surface, "0.11.2", "97f9e0a390d4383ad54d604fd173c558206f7bb66799e0c3225835e0b860086d", [:mix], [{:phoenix_html, "~> 3.3.1", [hex: :phoenix_html, repo: "hexpm", optional: false]}, {:phoenix_live_view, "~> 0.19.0 or ~> 0.20.0", [hex: :phoenix_live_view, repo: "hexpm", optional: false]}, {:sourceror, "~> 1.0.0", [hex: :sourceror, repo: "hexpm", optional: false]}], "hexpm", "71c49daad5b043c5601ca3ee1459f4794287db508f2d33dde5d973bb0e6971cb"},
  "telemetry": {:hex, :telemetry, "1.2.1", "68fdfe8d8f05a8428483a97d7aab2f268aaff24b49e0f599faa091f1d4e7f61c", [:rebar3], [], "hexpm", "dad9ce9d8effc621708f99eac538ef1cbe05d6a874dd741de2e689c47feafed5"},
  "timex": {:hex, :timex, "3.7.11", "bb95cb4eb1d06e27346325de506bcc6c30f9c6dea40d1ebe390b262fad1862d1", [:mix], [{:combine, "~> 0.10", [hex: :combine, repo: "hexpm", optional: false]}, {:gettext, "~> 0.20", [hex: :gettext, repo: "hexpm", optional: false]}, {:tzdata, "~> 1.1", [hex: :tzdata, repo: "hexpm", optional: false]}], "hexpm", "8b9024f7efbabaf9bd7aa04f65cf8dcd7c9818ca5737677c7b76acbc6a94d1aa"},
  "tzdata": {:hex, :tzdata, "1.1.1", "20c8043476dfda8504952d00adac41c6eda23912278add38edc140ae0c5bcc46", [:mix], [{:hackney, "~> 1.17", [hex: :hackney, repo: "hexpm", optional: false]}], "hexpm", "a69cec8352eafcd2e198dea28a34113b60fdc6cb57eb5ad65c10292a6ba89787"},
  "unicode_util_compat": {:hex, :unicode_util_compat, "0.7.0", "bc84380c9ab48177092f43ac89e4dfa2c6d62b40b8bd132b1059ecc7232f9a78", [:rebar3], [], "hexpm", "25eee6d67df61960cf6a794239566599b09e17e668d3700247bc498638152521"},
  "untangle": {:hex, :untangle, "0.3.0", "8fb3038ddc96aeec9989aa7b410355297231bd5cee7b718e24aa1efe174fce3a", [:mix], [{:decorator, "~> 1.4", [hex: :decorator, repo: "hexpm", optional: false]}], "hexpm", "9ac26c397155636feaed260b8edcfa01f62af62ab929bad385fbb94beacb5a38"},
  "websock": {:hex, :websock, "0.5.3", "2f69a6ebe810328555b6fe5c831a851f485e303a7c8ce6c5f675abeb20ebdadc", [:mix], [], "hexpm", "6105453d7fac22c712ad66fab1d45abdf049868f253cf719b625151460b8b453"},
  "websock_adapter": {:hex, :websock_adapter, "0.5.5", "9dfeee8269b27e958a65b3e235b7e447769f66b5b5925385f5a569269164a210", [:mix], [{:bandit, ">= 0.6.0", [hex: :bandit, repo: "hexpm", optional: true]}, {:plug, "~> 1.14", [hex: :plug, repo: "hexpm", optional: false]}, {:plug_cowboy, "~> 2.6", [hex: :plug_cowboy, repo: "hexpm", optional: true]}, {:websock, "~> 0.5", [hex: :websock, repo: "hexpm", optional: false]}], "hexpm", "4b977ba4a01918acbf77045ff88de7f6972c2a009213c515a445c48f224ffce9"},
  "zest": {:hex, :zest, "0.1.2", "ddf3a045ee32c6452b8ac050b22da0b2eceae5aaa7d63163fb09e5fbb925fbbe", [:mix], [], "hexpm", "ebe2d6acf615de286e45846a3d6daf72d7c20f2c5eefada6d8a1729256a3974a"},
}
