# THIS IS AN AUTOGENERATED FILE. DO NOT EDIT THIS FILE DIRECTLY.
# yarn lockfile v1


"@yaireo/tagify@^4.13.2":
  version "4.13.2"
  resolved "https://registry.yarnpkg.com/@yaireo/tagify/-/tagify-4.13.2.tgz#836b7c1eca9c4bee6d07a2a2534836300e9ade8d"
  integrity sha512-D0BGUiNKzR3hbysqSKEC4E9+W0mnRBMqz5TprilXSOwD8BRIjots0uyDtK9sQECCeX8ghKPwUWmn0/KfafI0og==

animal-avatar-generator@^1.0.5:
  version "1.0.5"
  resolved "https://registry.yarnpkg.com/animal-avatar-generator/-/animal-avatar-generator-1.0.5.tgz#2bb82e2de1c5e2093d7adc1d0cc51be912f75b5f"
  integrity sha512-E0s7fIbdNSOmaE0cge4XI+Hng3IMCa+gTybGd0n5BdXUJ4/aX5eXPQ+Nnsct+wTovVoQsQ10VjBAa29c/wr6Bg==

exifr@^7.1.3:
  version "7.1.3"
  resolved "https://registry.yarnpkg.com/exifr/-/exifr-7.1.3.tgz#f6218012c36dbb7d843222011b27f065fddbab6f"
  integrity sha512-g/aje2noHivrRSLbAUtBPWFbxKdKhgj/xr1vATDdUXPOFYJlQ62Ft0oy+72V6XLIpDJfHs6gXLbBLAolqOXYRw==

"js-tokens@^3.0.0 || ^4.0.0":
  version "4.0.0"
  resolved "https://registry.yarnpkg.com/js-tokens/-/js-tokens-4.0.0.tgz#19203fb59991df98e3a287050d4647cdeaf32499"
  integrity sha512-RdJUflcE3cUzKiMqQgsCu06FPu9UdIJO0beYbPhHN4k6apgJtifcoCtT9bcxOpYBtpD2kCM6Sbzg4CausW/PKQ==

loose-envify@^1.4.0:
  version "1.4.0"
  resolved "https://registry.yarnpkg.com/loose-envify/-/loose-envify-1.4.0.tgz#71ee51fa7be4caec1a63839f7e682d8132d30caf"
  integrity sha512-lyuxPGr/Wfhrlem2CL/UcnUc1zcqKAImBDzukY7Y5F/yQiNdko6+fRLevlw1HgMySw7f611UIY408EtxRSoK3Q==
  dependencies:
    js-tokens "^3.0.0 || ^4.0.0"

object-assign@^4.1.1:
  version "4.1.1"
  resolved "https://registry.yarnpkg.com/object-assign/-/object-assign-4.1.1.tgz#2109adc7965887cfc05cbbd442cac8bfbb360863"
  integrity sha1-IQmtx5ZYh8/AXLvUQsrIv7s2CGM=

prop-types@^15.8.0:
  version "15.8.1"
  resolved "https://registry.yarnpkg.com/prop-types/-/prop-types-15.8.1.tgz#67d87bf1a694f48435cf332c24af10214a3140b5"
  integrity sha512-oj87CgZICdulUohogVAR7AjlC0327U4el4L6eAvOqCeudMDVU0NThNaV+b9Df4dXgSP1gXMTnPdhfe/2qDH5cg==
  dependencies:
    loose-envify "^1.4.0"
    object-assign "^4.1.1"
    react-is "^16.13.1"

react-is@^16.13.1:
  version "16.13.1"
  resolved "https://registry.yarnpkg.com/react-is/-/react-is-16.13.1.tgz#789729a4dc36de2999dc156dd6c1d9c18cea56a4"
  integrity sha512-24e6ynE2H+OKt4kqsOvNd8kBpV65zoxbA4BVsEOB3ARVWQki/DHzaUoC5KuON/BiccDaCCTZBuOcfZs70kR8bQ==

theme-change@^2.0.2:
  version "2.0.2"
  resolved "https://registry.yarnpkg.com/theme-change/-/theme-change-2.0.2.tgz#142aa0669fde5ca7e625f5d3c09074ebb5bdb374"
  integrity sha512-YvQqavf8nlGB3J7PdO0zLLhSLlgYhrqZL6By3FuzFIlWBsPTSPG/V98cHJllK3mmU97Jecei8XYiHalhy2umUw==
